// !$*UTF8*$!
{
	archiveVersion = 1;
	classes = {
	};
	objectVersion = 46;
	objects = {

/* Begin PBXBuildFile section */
		E14F1A8C1ECE73BC00F0D58C /* AppDelegate.swift in Sources */ = {isa = PBXBuildFile; fileRef = E14F1A8B1ECE73BC00F0D58C /* AppDelegate.swift */; };
		E14F1A8E1ECE73BC00F0D58C /* ViewController.swift in Sources */ = {isa = PBXBuildFile; fileRef = E14F1A8D1ECE73BC00F0D58C /* ViewController.swift */; };
		E14F1A911ECE73BC00F0D58C /* Main.storyboard in Resources */ = {isa = PBXBuildFile; fileRef = E14F1A8F1ECE73BC00F0D58C /* Main.storyboard */; };
		E14F1A931ECE73BC00F0D58C /* Assets.xcassets in Resources */ = {isa = PBXBuildFile; fileRef = E14F1A921ECE73BC00F0D58C /* Assets.xcassets */; };
		E14F1A961ECE73BC00F0D58C /* LaunchScreen.storyboard in Resources */ = {isa = PBXBuildFile; fileRef = E14F1A941ECE73BC00F0D58C /* LaunchScreen.storyboard */; };
/* End PBXBuildFile section */

/* Begin PBXFileReference section */
		E14F1A881ECE73BC00F0D58C /* map2.app */ = {isa = PBXFileReference; explicitFileType = wrapper.application; includeInIndex = 0; path = map2.app; sourceTree = BUILT_PRODUCTS_DIR; };
		E14F1A8B1ECE73BC00F0D58C /* AppDelegate.swift */ = {isa = PBXFileReference; lastKnownFileType = sourcecode.swift; path = AppDelegate.swift; sourceTree = "<group>"; };
		E14F1A8D1ECE73BC00F0D58C /* ViewController.swift */ = {isa = PBXFileReference; lastKnownFileType = sourcecode.swift; path = ViewController.swift; sourceTree = "<group>"; };
		E14F1A901ECE73BC00F0D58C /* Base */ = {isa = PBXFileReference; lastKnownFileType = file.storyboard; name = Base; path = Base.lproj/Main.storyboard; sourceTree = "<group>"; };
		E14F1A921ECE73BC00F0D58C /* Assets.xcassets */ = {isa = PBXFileReference; lastKnownFileType = folder.assetcatalog; path = Assets.xcassets; sourceTree = "<group>"; };
		E14F1A951ECE73BC00F0D58C /* Base */ = {isa = PBXFileReference; lastKnownFileType = file.storyboard; name = Base; path = Base.lproj/LaunchScreen.storyboard; sourceTree = "<group>"; };
		E14F1A971ECE73BC00F0D58C /* Info.plist */ = {isa = PBXFileReference; lastKnownFileType = text.plist.xml; path = Info.plist; sourceTree = "<group>"; };
/* End PBXFileReference section */

/* Begin PBXFrameworksBuildPhase section */
		E14F1A851ECE73BC00F0D58C /* Frameworks */ = {
			isa = PBXFrameworksBuildPhase;
			buildActionMask = 2147483647;
			files = (
			);
			runOnlyForDeploymentPostprocessing = 0;
		};
/* End PBXFrameworksBuildPhase section */

/* Begin PBXGroup section */
		E14F1A7F1ECE73BC00F0D58C = {
			isa = PBXGroup;
			children = (
				E14F1A8A1ECE73BC00F0D58C /* map2 */,
				E14F1A891ECE73BC00F0D58C /* Products */,
			);
			sourceTree = "<group>";
		};
		E14F1A891ECE73BC00F0D58C /* Products */ = {
			isa = PBXGroup;
			children = (
				E14F1A881ECE73BC00F0D58C /* map2.app */,
			);
			name = Products;
			sourceTree = "<group>";
		};
		E14F1A8A1ECE73BC00F0D58C /* map2 */ = {
			isa = PBXGroup;
			children = (
				E14F1A8B1ECE73BC00F0D58C /* AppDelegate.swift */,
				E14F1A8D1ECE73BC00F0D58C /* ViewController.swift */,
				E14F1A8F1ECE73BC00F0D58C /* Main.storyboard */,
				E14F1A921ECE73BC00F0D58C /* Assets.xcassets */,
				E14F1A941ECE73BC00F0D58C /* LaunchScreen.storyboard */,
				E14F1A971ECE73BC00F0D58C /* Info.plist */,
			);
			path = map2;
			sourceTree = "<group>";
		};
/* End PBXGroup section */

/* Begin PBXNativeTarget section */
		E14F1A871ECE73BC00F0D58C /* map2 */ = {
			isa = PBXNativeTarget;
			buildConfigurationList = E14F1A9A1ECE73BC00F0D58C /* Build configuration list for PBXNativeTarget "map2" */;
			buildPhases = (
				E14F1A841ECE73BC00F0D58C /* Sources */,
				E14F1A851ECE73BC00F0D58C /* Frameworks */,
				E14F1A861ECE73BC00F0D58C /* Resources */,
			);
			buildRules = (
			);
			dependencies = (
			);
			name = map2;
			productName = map2;
			productReference = E14F1A881ECE73BC00F0D58C /* map2.app */;
			productType = "com.apple.product-type.application";
		};
/* End PBXNativeTarget section */

/* Begin PBXProject section */
		E14F1A801ECE73BC00F0D58C /* Project object */ = {
			isa = PBXProject;
			attributes = {
				LastSwiftUpdateCheck = 0830;
				LastUpgradeCheck = 0830;
				ORGANIZATIONNAME = "Tahim Kader";
				TargetAttributes = {
					E14F1A871ECE73BC00F0D58C = {
						CreatedOnToolsVersion = 8.3.2;
						DevelopmentTeam = 3BQXHZHCLF;
						ProvisioningStyle = Automatic;
					};
				};
			};
			buildConfigurationList = E14F1A831ECE73BC00F0D58C /* Build configuration list for PBXProject "map2" */;
			compatibilityVersion = "Xcode 3.2";
			developmentRegion = English;
			hasScannedForEncodings = 0;
			knownRegions = (
				en,
				Base,
			);
			mainGroup = E14F1A7F1ECE73BC00F0D58C;
			productRefGroup = E14F1A891ECE73BC00F0D58C /* Products */;
			projectDirPath = "";
			projectRoot = "";
			targets = (
				E14F1A871ECE73BC00F0D58C /* map2 */,
			);
		};
/* End PBXProject section */

/* Begin PBXResourcesBuildPhase section */
		E14F1A861ECE73BC00F0D58C /* Resources */ = {
			isa = PBXResourcesBuildPhase;
			buildActionMask = 2147483647;
			files = (
				E14F1A961ECE73BC00F0D58C /* LaunchScreen.storyboard in Resources */,
				E14F1A931ECE73BC00F0D58C /* Assets.xcassets in Resources */,
				E14F1A911ECE73BC00F0D58C /* Main.storyboard in Resources */,
			);
			runOnlyForDeploymentPostprocessing = 0;
		};
/* End PBXResourcesBuildPhase section */

/* Begin PBXSourcesBuildPhase section */
		E14F1A841ECE73BC00F0D58C /* Sources */ = {
			isa = PBXSourcesBuildPhase;
			buildActionMask = 2147483647;
			files = (
				E14F1A8E1ECE73BC00F0D58C /* ViewController.swift in Sources */,
				E14F1A8C1ECE73BC00F0D58C /* AppDelegate.swift in Sources */,
			);
			runOnlyForDeploymentPostprocessing = 0;
		};
/* End PBXSourcesBuildPhase section */

/* Begin PBXVariantGroup section */
		E14F1A8F1ECE73BC00F0D58C /* Main.storyboard */ = {
			isa = PBXVariantGroup;
			children = (
				E14F1A901ECE73BC00F0D58C /* Base */,
			);
			name = Main.storyboard;
			sourceTree = "<group>";
		};
		E14F1A941ECE73BC00F0D58C /* LaunchScreen.storyboard */ = {
			isa = PBXVariantGroup;
			children = (
				E14F1A951ECE73BC00F0D58C /* Base */,
			);
			name = LaunchScreen.storyboard;
			sourceTree = "<group>";
		};
/* End PBXVariantGroup section */

/* Begin XCBuildConfiguration section */
		E14F1A981ECE73BC00F0D58C /* Debug */ = {
			isa = XCBuildConfiguration;
			buildSettings = {
				ALWAYS_SEARCH_USER_PATHS = NO;
				CLANG_ANALYZER_NONNULL = YES;
				CLANG_ANALYZER_NUMBER_OBJECT_CONVERSION = YES_AGGRESSIVE;
				CLANG_CXX_LANGUAGE_STANDARD = "gnu++0x";
				CLANG_CXX_LIBRARY = "libc++";
				CLANG_ENABLE_MODULES = YES;
				CLANG_ENABLE_OBJC_ARC = YES;
				CLANG_WARN_BOOL_CONVERSION = YES;
				CLANG_WARN_CONSTANT_CONVERSION = YES;
				CLANG_WARN_DIRECT_OBJC_ISA_USAGE = YES_ERROR;
				CLANG_WARN_DOCUMENTATION_COMMENTS = YES;
				CLANG_WARN_EMPTY_BODY = YES;
				CLANG_WARN_ENUM_CONVERSION = YES;
				CLANG_WARN_INFINITE_RECURSION = YES;
				CLANG_WARN_INT_CONVERSION = YES;
				CLANG_WARN_OBJC_ROOT_CLASS = YES_ERROR;
				CLANG_WARN_SUSPICIOUS_MOVE = YES;
				CLANG_WARN_UNREACHABLE_CODE = YES;
				CLANG_WARN__DUPLICATE_METHOD_MATCH = YES;
				"CODE_SIGN_IDENTITY[sdk=iphoneos*]" = "iPhone Developer";
				COPY_PHASE_STRIP = NO;
				DEBUG_INFORMATION_FORMAT = dwarf;
				ENABLE_STRICT_OBJC_MSGSEND = YES;
				ENABLE_TESTABILITY = YES;
				GCC_C_LANGUAGE_STANDARD = gnu99;
				GCC_DYNAMIC_NO_PIC = NO;
				GCC_NO_COMMON_BLOCKS = YES;
				GCC_OPTIMIZATION_LEVEL = 0;
				GCC_PREPROCESSOR_DEFINITIONS = (
					"DEBUG=1",
					"$(inherited)",
				);
				GCC_WARN_64_TO_32_BIT_CONVERSION = YES;
				GCC_WARN_ABOUT_RETURN_TYPE = YES_ERROR;
				GCC_WARN_UNDECLARED_SELECTOR = YES;
				GCC_WARN_UNINITIALIZED_AUTOS = YES_AGGRESSIVE;
				GCC_WARN_UNUSED_FUNCTION = YES;
				GCC_WARN_UNUSED_VARIABLE = YES;
				IPHONEOS_DEPLOYMENT_TARGET = 10.3;
				MTL_ENABLE_DEBUG_INFO = YES;
				ONLY_ACTIVE_ARCH = YES;
				SDKROOT = iphoneos;
				SWIFT_ACTIVE_COMPILATION_CONDITIONS = DEBUG;
				SWIFT_OPTIMIZATION_LEVEL = "-Onone";
				TARGETED_DEVICE_FAMILY = "1,2";
			};
			name = Debug;
		};
		E14F1A991ECE73BC00F0D58C /* Release */ = {
			isa = XCBuildConfiguration;
			buildSettings = {
				ALWAYS_SEARCH_USER_PATHS = NO;
				CLANG_ANALYZER_NONNULL = YES;
				CLANG_ANALYZER_NUMBER_OBJECT_CONVERSION = YES_AGGRESSIVE;
				CLANG_CXX_LANGUAGE_STANDARD = "gnu++0x";
				CLANG_CXX_LIBRARY = "libc++";
				CLANG_ENABLE_MODULES = YES;
				CLANG_ENABLE_OBJC_ARC = YES;
				CLANG_WARN_BOOL_CONVERSION = YES;
				CLANG_WARN_CONSTANT_CONVERSION = YES;
				CLANG_WARN_DIRECT_OBJC_ISA_USAGE = YES_ERROR;
				CLANG_WARN_DOCUMENTATION_COMMENTS = YES;
				CLANG_WARN_EMPTY_BODY = YES;
				CLANG_WARN_ENUM_CONVERSION = YES;
				CLANG_WARN_INFINITE_RECURSION = YES;
				CLANG_WARN_INT_CONVERSION = YES;
				CLANG_WARN_OBJC_ROOT_CLASS = YES_ERROR;
				CLANG_WARN_SUSPICIOUS_MOVE = YES;
				CLANG_WARN_UNREACHABLE_CODE = YES;
				CLANG_WARN__DUPLICATE_METHOD_MATCH = YES;
				"CODE_SIGN_IDENTITY[sdk=iphoneos*]" = "iPhone Developer";
				COPY_PHASE_STRIP = NO;
				DEBUG_INFORMATION_FORMAT = "dwarf-with-dsym";
				ENABLE_NS_ASSERTIONS = NO;
				ENABLE_STRICT_OBJC_MSGSEND = YES;
				GCC_C_LANGUAGE_STANDARD = gnu99;
				GCC_NO_COMMON_BLOCKS = YES;
				GCC_WARN_64_TO_32_BIT_CONVERSION = YES;
				GCC_WARN_ABOUT_RETURN_TYPE = YES_ERROR;
				GCC_WARN_UNDECLARED_SELECTOR = YES;
				GCC_WARN_UNINITIALIZED_AUTOS = YES_AGGRESSIVE;
				GCC_WARN_UNUSED_FUNCTION = YES;
				GCC_WARN_UNUSED_VARIABLE = YES;
				IPHONEOS_DEPLOYMENT_TARGET = 10.3;
				MTL_ENABLE_DEBUG_INFO = NO;
				SDKROOT = iphoneos;
				SWIFT_OPTIMIZATION_LEVEL = "-Owholemodule";
				TARGETED_DEVICE_FAMILY = "1,2";
				VALIDATE_PRODUCT = YES;
			};
			name = Release;
		};
		E14F1A9B1ECE73BC00F0D58C /* Debug */ = {
			isa = XCBuildConfiguration;
			buildSettings = {
				ASSETCATALOG_COMPILER_APPICON_NAME = AppIcon;
				DEVELOPMENT_TEAM = 3BQXHZHCLF;
				INFOPLIST_FILE = map2/Info.plist;
				LD_RUNPATH_SEARCH_PATHS = "$(inherited) @executable_path/Frameworks";
				PRODUCT_BUNDLE_IDENTIFIER = com.codingdojo.map2;
				PRODUCT_NAME = "$(TARGET_NAME)";
				SWIFT_VERSION = 3.0;
			};
			name = Debug;
		};
		E14F1A9C1ECE73BC00F0D58C /* Release */ = {
			isa = XCBuildConfiguration;
			buildSettings = {
				ASSETCATALOG_COMPILER_APPICON_NAME = AppIcon;
				DEVELOPMENT_TEAM = 3BQXHZHCLF;
				INFOPLIST_FILE = map2/Info.plist;
				LD_RUNPATH_SEARCH_PATHS = "$(inherited) @executable_path/Frameworks";
				PRODUCT_BUNDLE_IDENTIFIER = com.codingdojo.map2;
				PRODUCT_NAME = "$(TARGET_NAME)";
				SWIFT_VERSION = 3.0;
			};
			name = Release;
		};
/* End XCBuildConfiguration section */

/* Begin XCConfigurationList section */
		E14F1A831ECE73BC00F0D58C /* Build configuration list for PBXProject "map2" */ = {
			isa = XCConfigurationList;
			buildConfigurations = (
				E14F1A981ECE73BC00F0D58C /* Debug */,
				E14F1A991ECE73BC00F0D58C /* Release */,
			);
			defaultConfigurationIsVisible = 0;
			defaultConfigurationName = Release;
		};
		E14F1A9A1ECE73BC00F0D58C /* Build configuration list for PBXNativeTarget "map2" */ = {
			isa = XCConfigurationList;
			buildConfigurations = (
				E14F1A9B1ECE73BC00F0D58C /* Debug */,
				E14F1A9C1ECE73BC00F0D58C /* Release */,
			);
			defaultConfigurationIsVisible = 0;
		};
/* End XCConfigurationList section */
	};
	rootObject = E14F1A801ECE73BC00F0D58C /* Project object */;
}
