// !$*UTF8*$!
{
	archiveVersion = 1;
	classes = {
	};
	objectVersion = 46;
	objects = {

/* Begin PBXBuildFile section */
		E1FAC87D1EC55C420077FA82 /* AppDelegate.swift in Sources */ = {isa = PBXBuildFile; fileRef = E1FAC87C1EC55C420077FA82 /* AppDelegate.swift */; };
		E1FAC87F1EC55C420077FA82 /* ViewController.swift in Sources */ = {isa = PBXBuildFile; fileRef = E1FAC87E1EC55C420077FA82 /* ViewController.swift */; };
		E1FAC8821EC55C420077FA82 /* Main.storyboard in Resources */ = {isa = PBXBuildFile; fileRef = E1FAC8801EC55C420077FA82 /* Main.storyboard */; };
		E1FAC8841EC55C420077FA82 /* Assets.xcassets in Resources */ = {isa = PBXBuildFile; fileRef = E1FAC8831EC55C420077FA82 /* Assets.xcassets */; };
		E1FAC8871EC55C420077FA82 /* LaunchScreen.storyboard in Resources */ = {isa = PBXBuildFile; fileRef = E1FAC8851EC55C420077FA82 /* LaunchScreen.storyboard */; };
		E1FAC8921EC55C420077FA82 /* agingpeopleTests.swift in Sources */ = {isa = PBXBuildFile; fileRef = E1FAC8911EC55C420077FA82 /* agingpeopleTests.swift */; };
		E1FAC89D1EC55C420077FA82 /* agingpeopleUITests.swift in Sources */ = {isa = PBXBuildFile; fileRef = E1FAC89C1EC55C420077FA82 /* agingpeopleUITests.swift */; };
/* End PBXBuildFile section */

/* Begin PBXContainerItemProxy section */
		E1FAC88E1EC55C420077FA82 /* PBXContainerItemProxy */ = {
			isa = PBXContainerItemProxy;
			containerPortal = E1FAC8711EC55C420077FA82 /* Project object */;
			proxyType = 1;
			remoteGlobalIDString = E1FAC8781EC55C420077FA82;
			remoteInfo = agingpeople;
		};
		E1FAC8991EC55C420077FA82 /* PBXContainerItemProxy */ = {
			isa = PBXContainerItemProxy;
			containerPortal = E1FAC8711EC55C420077FA82 /* Project object */;
			proxyType = 1;
			remoteGlobalIDString = E1FAC8781EC55C420077FA82;
			remoteInfo = agingpeople;
		};
/* End PBXContainerItemProxy section */

/* Begin PBXFileReference section */
		E1FAC8791EC55C420077FA82 /* agingpeople.app */ = {isa = PBXFileReference; explicitFileType = wrapper.application; includeInIndex = 0; path = agingpeople.app; sourceTree = BUILT_PRODUCTS_DIR; };
		E1FAC87C1EC55C420077FA82 /* AppDelegate.swift */ = {isa = PBXFileReference; lastKnownFileType = sourcecode.swift; path = AppDelegate.swift; sourceTree = "<group>"; };
		E1FAC87E1EC55C420077FA82 /* ViewController.swift */ = {isa = PBXFileReference; lastKnownFileType = sourcecode.swift; path = ViewController.swift; sourceTree = "<group>"; };
		E1FAC8811EC55C420077FA82 /* Base */ = {isa = PBXFileReference; lastKnownFileType = file.storyboard; name = Base; path = Base.lproj/Main.storyboard; sourceTree = "<group>"; };
		E1FAC8831EC55C420077FA82 /* Assets.xcassets */ = {isa = PBXFileReference; lastKnownFileType = folder.assetcatalog; path = Assets.xcassets; sourceTree = "<group>"; };
		E1FAC8861EC55C420077FA82 /* Base */ = {isa = PBXFileReference; lastKnownFileType = file.storyboard; name = Base; path = Base.lproj/LaunchScreen.storyboard; sourceTree = "<group>"; };
		E1FAC8881EC55C420077FA82 /* Info.plist */ = {isa = PBXFileReference; lastKnownFileType = text.plist.xml; path = Info.plist; sourceTree = "<group>"; };
		E1FAC88D1EC55C420077FA82 /* agingpeopleTests.xctest */ = {isa = PBXFileReference; explicitFileType = wrapper.cfbundle; includeInIndex = 0; path = agingpeopleTests.xctest; sourceTree = BUILT_PRODUCTS_DIR; };
		E1FAC8911EC55C420077FA82 /* agingpeopleTests.swift */ = {isa = PBXFileReference; lastKnownFileType = sourcecode.swift; path = agingpeopleTests.swift; sourceTree = "<group>"; };
		E1FAC8931EC55C420077FA82 /* Info.plist */ = {isa = PBXFileReference; lastKnownFileType = text.plist.xml; path = Info.plist; sourceTree = "<group>"; };
		E1FAC8981EC55C420077FA82 /* agingpeopleUITests.xctest */ = {isa = PBXFileReference; explicitFileType = wrapper.cfbundle; includeInIndex = 0; path = agingpeopleUITests.xctest; sourceTree = BUILT_PRODUCTS_DIR; };
		E1FAC89C1EC55C420077FA82 /* agingpeopleUITests.swift */ = {isa = PBXFileReference; lastKnownFileType = sourcecode.swift; path = agingpeopleUITests.swift; sourceTree = "<group>"; };
		E1FAC89E1EC55C420077FA82 /* Info.plist */ = {isa = PBXFileReference; lastKnownFileType = text.plist.xml; path = Info.plist; sourceTree = "<group>"; };
/* End PBXFileReference section */

/* Begin PBXFrameworksBuildPhase section */
		E1FAC8761EC55C420077FA82 /* Frameworks */ = {
			isa = PBXFrameworksBuildPhase;
			buildActionMask = 2147483647;
			files = (
			);
			runOnlyForDeploymentPostprocessing = 0;
		};
		E1FAC88A1EC55C420077FA82 /* Frameworks */ = {
			isa = PBXFrameworksBuildPhase;
			buildActionMask = 2147483647;
			files = (
			);
			runOnlyForDeploymentPostprocessing = 0;
		};
		E1FAC8951EC55C420077FA82 /* Frameworks */ = {
			isa = PBXFrameworksBuildPhase;
			buildActionMask = 2147483647;
			files = (
			);
			runOnlyForDeploymentPostprocessing = 0;
		};
/* End PBXFrameworksBuildPhase section */

/* Begin PBXGroup section */
		E1FAC8701EC55C420077FA82 = {
			isa = PBXGroup;
			children = (
				E1FAC87B1EC55C420077FA82 /* agingpeople */,
				E1FAC8901EC55C420077FA82 /* agingpeopleTests */,
				E1FAC89B1EC55C420077FA82 /* agingpeopleUITests */,
				E1FAC87A1EC55C420077FA82 /* Products */,
			);
			sourceTree = "<group>";
		};
		E1FAC87A1EC55C420077FA82 /* Products */ = {
			isa = PBXGroup;
			children = (
				E1FAC8791EC55C420077FA82 /* agingpeople.app */,
				E1FAC88D1EC55C420077FA82 /* agingpeopleTests.xctest */,
				E1FAC8981EC55C420077FA82 /* agingpeopleUITests.xctest */,
			);
			name = Products;
			sourceTree = "<group>";
		};
		E1FAC87B1EC55C420077FA82 /* agingpeople */ = {
			isa = PBXGroup;
			children = (
				E1FAC87C1EC55C420077FA82 /* AppDelegate.swift */,
				E1FAC87E1EC55C420077FA82 /* ViewController.swift */,
				E1FAC8801EC55C420077FA82 /* Main.storyboard */,
				E1FAC8831EC55C420077FA82 /* Assets.xcassets */,
				E1FAC8851EC55C420077FA82 /* LaunchScreen.storyboard */,
				E1FAC8881EC55C420077FA82 /* Info.plist */,
			);
			path = agingpeople;
			sourceTree = "<group>";
		};
		E1FAC8901EC55C420077FA82 /* agingpeopleTests */ = {
			isa = PBXGroup;
			children = (
				E1FAC8911EC55C420077FA82 /* agingpeopleTests.swift */,
				E1FAC8931EC55C420077FA82 /* Info.plist */,
			);
			path = agingpeopleTests;
			sourceTree = "<group>";
		};
		E1FAC89B1EC55C420077FA82 /* agingpeopleUITests */ = {
			isa = PBXGroup;
			children = (
				E1FAC89C1EC55C420077FA82 /* agingpeopleUITests.swift */,
				E1FAC89E1EC55C420077FA82 /* Info.plist */,
			);
			path = agingpeopleUITests;
			sourceTree = "<group>";
		};
/* End PBXGroup section */

/* Begin PBXNativeTarget section */
		E1FAC8781EC55C420077FA82 /* agingpeople */ = {
			isa = PBXNativeTarget;
			buildConfigurationList = E1FAC8A11EC55C420077FA82 /* Build configuration list for PBXNativeTarget "agingpeople" */;
			buildPhases = (
				E1FAC8751EC55C420077FA82 /* Sources */,
				E1FAC8761EC55C420077FA82 /* Frameworks */,
				E1FAC8771EC55C420077FA82 /* Resources */,
			);
			buildRules = (
			);
			dependencies = (
			);
			name = agingpeople;
			productName = agingpeople;
			productReference = E1FAC8791EC55C420077FA82 /* agingpeople.app */;
			productType = "com.apple.product-type.application";
		};
		E1FAC88C1EC55C420077FA82 /* agingpeopleTests */ = {
			isa = PBXNativeTarget;
			buildConfigurationList = E1FAC8A41EC55C420077FA82 /* Build configuration list for PBXNativeTarget "agingpeopleTests" */;
			buildPhases = (
				E1FAC8891EC55C420077FA82 /* Sources */,
				E1FAC88A1EC55C420077FA82 /* Frameworks */,
				E1FAC88B1EC55C420077FA82 /* Resources */,
			);
			buildRules = (
			);
			dependencies = (
				E1FAC88F1EC55C420077FA82 /* PBXTargetDependency */,
			);
			name = agingpeopleTests;
			productName = agingpeopleTests;
			productReference = E1FAC88D1EC55C420077FA82 /* agingpeopleTests.xctest */;
			productType = "com.apple.product-type.bundle.unit-test";
		};
		E1FAC8971EC55C420077FA82 /* agingpeopleUITests */ = {
			isa = PBXNativeTarget;
			buildConfigurationList = E1FAC8A71EC55C420077FA82 /* Build configuration list for PBXNativeTarget "agingpeopleUITests" */;
			buildPhases = (
				E1FAC8941EC55C420077FA82 /* Sources */,
				E1FAC8951EC55C420077FA82 /* Frameworks */,
				E1FAC8961EC55C420077FA82 /* Resources */,
			);
			buildRules = (
			);
			dependencies = (
				E1FAC89A1EC55C420077FA82 /* PBXTargetDependency */,
			);
			name = agingpeopleUITests;
			productName = agingpeopleUITests;
			productReference = E1FAC8981EC55C420077FA82 /* agingpeopleUITests.xctest */;
			productType = "com.apple.product-type.bundle.ui-testing";
		};
/* End PBXNativeTarget section */

/* Begin PBXProject section */
		E1FAC8711EC55C420077FA82 /* Project object */ = {
			isa = PBXProject;
			attributes = {
				LastSwiftUpdateCheck = 0830;
				LastUpgradeCheck = 0830;
				ORGANIZATIONNAME = "Tahim Kader";
				TargetAttributes = {
					E1FAC8781EC55C420077FA82 = {
						CreatedOnToolsVersion = 8.3.2;
						ProvisioningStyle = Automatic;
					};
					E1FAC88C1EC55C420077FA82 = {
						CreatedOnToolsVersion = 8.3.2;
						ProvisioningStyle = Automatic;
						TestTargetID = E1FAC8781EC55C420077FA82;
					};
					E1FAC8971EC55C420077FA82 = {
						CreatedOnToolsVersion = 8.3.2;
						ProvisioningStyle = Automatic;
						TestTargetID = E1FAC8781EC55C420077FA82;
					};
				};
			};
			buildConfigurationList = E1FAC8741EC55C420077FA82 /* Build configuration list for PBXProject "agingpeople" */;
			compatibilityVersion = "Xcode 3.2";
			developmentRegion = English;
			hasScannedForEncodings = 0;
			knownRegions = (
				en,
				Base,
			);
			mainGroup = E1FAC8701EC55C420077FA82;
			productRefGroup = E1FAC87A1EC55C420077FA82 /* Products */;
			projectDirPath = "";
			projectRoot = "";
			targets = (
				E1FAC8781EC55C420077FA82 /* agingpeople */,
				E1FAC88C1EC55C420077FA82 /* agingpeopleTests */,
				E1FAC8971EC55C420077FA82 /* agingpeopleUITests */,
			);
		};
/* End PBXProject section */

/* Begin PBXResourcesBuildPhase section */
		E1FAC8771EC55C420077FA82 /* Resources */ = {
			isa = PBXResourcesBuildPhase;
			buildActionMask = 2147483647;
			files = (
				E1FAC8871EC55C420077FA82 /* LaunchScreen.storyboard in Resources */,
				E1FAC8841EC55C420077FA82 /* Assets.xcassets in Resources */,
				E1FAC8821EC55C420077FA82 /* Main.storyboard in Resources */,
			);
			runOnlyForDeploymentPostprocessing = 0;
		};
		E1FAC88B1EC55C420077FA82 /* Resources */ = {
			isa = PBXResourcesBuildPhase;
			buildActionMask = 2147483647;
			files = (
			);
			runOnlyForDeploymentPostprocessing = 0;
		};
		E1FAC8961EC55C420077FA82 /* Resources */ = {
			isa = PBXResourcesBuildPhase;
			buildActionMask = 2147483647;
			files = (
			);
			runOnlyForDeploymentPostprocessing = 0;
		};
/* End PBXResourcesBuildPhase section */

/* Begin PBXSourcesBuildPhase section */
		E1FAC8751EC55C420077FA82 /* Sources */ = {
			isa = PBXSourcesBuildPhase;
			buildActionMask = 2147483647;
			files = (
				E1FAC87F1EC55C420077FA82 /* ViewController.swift in Sources */,
				E1FAC87D1EC55C420077FA82 /* AppDelegate.swift in Sources */,
			);
			runOnlyForDeploymentPostprocessing = 0;
		};
		E1FAC8891EC55C420077FA82 /* Sources */ = {
			isa = PBXSourcesBuildPhase;
			buildActionMask = 2147483647;
			files = (
				E1FAC8921EC55C420077FA82 /* agingpeopleTests.swift in Sources */,
			);
			runOnlyForDeploymentPostprocessing = 0;
		};
		E1FAC8941EC55C420077FA82 /* Sources */ = {
			isa = PBXSourcesBuildPhase;
			buildActionMask = 2147483647;
			files = (
				E1FAC89D1EC55C420077FA82 /* agingpeopleUITests.swift in Sources */,
			);
			runOnlyForDeploymentPostprocessing = 0;
		};
/* End PBXSourcesBuildPhase section */

/* Begin PBXTargetDependency section */
		E1FAC88F1EC55C420077FA82 /* PBXTargetDependency */ = {
			isa = PBXTargetDependency;
			target = E1FAC8781EC55C420077FA82 /* agingpeople */;
			targetProxy = E1FAC88E1EC55C420077FA82 /* PBXContainerItemProxy */;
		};
		E1FAC89A1EC55C420077FA82 /* PBXTargetDependency */ = {
			isa = PBXTargetDependency;
			target = E1FAC8781EC55C420077FA82 /* agingpeople */;
			targetProxy = E1FAC8991EC55C420077FA82 /* PBXContainerItemProxy */;
		};
/* End PBXTargetDependency section */

/* Begin PBXVariantGroup section */
		E1FAC8801EC55C420077FA82 /* Main.storyboard */ = {
			isa = PBXVariantGroup;
			children = (
				E1FAC8811EC55C420077FA82 /* Base */,
			);
			name = Main.storyboard;
			sourceTree = "<group>";
		};
		E1FAC8851EC55C420077FA82 /* LaunchScreen.storyboard */ = {
			isa = PBXVariantGroup;
			children = (
				E1FAC8861EC55C420077FA82 /* Base */,
			);
			name = LaunchScreen.storyboard;
			sourceTree = "<group>";
		};
/* End PBXVariantGroup section */

/* Begin XCBuildConfiguration section */
		E1FAC89F1EC55C420077FA82 /* Debug */ = {
			isa = XCBuildConfiguration;
			buildSettings = {
				ALWAYS_SEARCH_USER_PATHS = NO;
				CLANG_ANALYZER_NONNULL = YES;
				CLANG_ANALYZER_NUMBER_OBJECT_CONVERSION = YES_AGGRESSIVE;
				CLANG_CXX_LANGUAGE_STANDARD = "gnu++0x";
				CLANG_CXX_LIBRARY = "libc++";
				CLANG_ENABLE_MODULES = YES;
				CLANG_ENABLE_OBJC_ARC = YES;
				CLANG_WARN_BOOL_CONVERSION = YES;
				CLANG_WARN_CONSTANT_CONVERSION = YES;
				CLANG_WARN_DIRECT_OBJC_ISA_USAGE = YES_ERROR;
				CLANG_WARN_DOCUMENTATION_COMMENTS = YES;
				CLANG_WARN_EMPTY_BODY = YES;
				CLANG_WARN_ENUM_CONVERSION = YES;
				CLANG_WARN_INFINITE_RECURSION = YES;
				CLANG_WARN_INT_CONVERSION = YES;
				CLANG_WARN_OBJC_ROOT_CLASS = YES_ERROR;
				CLANG_WARN_SUSPICIOUS_MOVE = YES;
				CLANG_WARN_UNREACHABLE_CODE = YES;
				CLANG_WARN__DUPLICATE_METHOD_MATCH = YES;
				"CODE_SIGN_IDENTITY[sdk=iphoneos*]" = "iPhone Developer";
				COPY_PHASE_STRIP = NO;
				DEBUG_INFORMATION_FORMAT = dwarf;
				ENABLE_STRICT_OBJC_MSGSEND = YES;
				ENABLE_TESTABILITY = YES;
				GCC_C_LANGUAGE_STANDARD = gnu99;
				GCC_DYNAMIC_NO_PIC = NO;
				GCC_NO_COMMON_BLOCKS = YES;
				GCC_OPTIMIZATION_LEVEL = 0;
				GCC_PREPROCESSOR_DEFINITIONS = (
					"DEBUG=1",
					"$(inherited)",
				);
				GCC_WARN_64_TO_32_BIT_CONVERSION = YES;
				GCC_WARN_ABOUT_RETURN_TYPE = YES_ERROR;
				GCC_WARN_UNDECLARED_SELECTOR = YES;
				GCC_WARN_UNINITIALIZED_AUTOS = YES_AGGRESSIVE;
				GCC_WARN_UNUSED_FUNCTION = YES;
				GCC_WARN_UNUSED_VARIABLE = YES;
				IPHONEOS_DEPLOYMENT_TARGET = 10.3;
				MTL_ENABLE_DEBUG_INFO = YES;
				ONLY_ACTIVE_ARCH = YES;
				SDKROOT = iphoneos;
				SWIFT_ACTIVE_COMPILATION_CONDITIONS = DEBUG;
				SWIFT_OPTIMIZATION_LEVEL = "-Onone";
				TARGETED_DEVICE_FAMILY = "1,2";
			};
			name = Debug;
		};
		E1FAC8A01EC55C420077FA82 /* Release */ = {
			isa = XCBuildConfiguration;
			buildSettings = {
				ALWAYS_SEARCH_USER_PATHS = NO;
				CLANG_ANALYZER_NONNULL = YES;
				CLANG_ANALYZER_NUMBER_OBJECT_CONVERSION = YES_AGGRESSIVE;
				CLANG_CXX_LANGUAGE_STANDARD = "gnu++0x";
				CLANG_CXX_LIBRARY = "libc++";
				CLANG_ENABLE_MODULES = YES;
				CLANG_ENABLE_OBJC_ARC = YES;
				CLANG_WARN_BOOL_CONVERSION = YES;
				CLANG_WARN_CONSTANT_CONVERSION = YES;
				CLANG_WARN_DIRECT_OBJC_ISA_USAGE = YES_ERROR;
				CLANG_WARN_DOCUMENTATION_COMMENTS = YES;
				CLANG_WARN_EMPTY_BODY = YES;
				CLANG_WARN_ENUM_CONVERSION = YES;
				CLANG_WARN_INFINITE_RECURSION = YES;
				CLANG_WARN_INT_CONVERSION = YES;
				CLANG_WARN_OBJC_ROOT_CLASS = YES_ERROR;
				CLANG_WARN_SUSPICIOUS_MOVE = YES;
				CLANG_WARN_UNREACHABLE_CODE = YES;
				CLANG_WARN__DUPLICATE_METHOD_MATCH = YES;
				"CODE_SIGN_IDENTITY[sdk=iphoneos*]" = "iPhone Developer";
				COPY_PHASE_STRIP = NO;
				DEBUG_INFORMATION_FORMAT = "dwarf-with-dsym";
				ENABLE_NS_ASSERTIONS = NO;
				ENABLE_STRICT_OBJC_MSGSEND = YES;
				GCC_C_LANGUAGE_STANDARD = gnu99;
				GCC_NO_COMMON_BLOCKS = YES;
				GCC_WARN_64_TO_32_BIT_CONVERSION = YES;
				GCC_WARN_ABOUT_RETURN_TYPE = YES_ERROR;
				GCC_WARN_UNDECLARED_SELECTOR = YES;
				GCC_WARN_UNINITIALIZED_AUTOS = YES_AGGRESSIVE;
				GCC_WARN_UNUSED_FUNCTION = YES;
				GCC_WARN_UNUSED_VARIABLE = YES;
				IPHONEOS_DEPLOYMENT_TARGET = 10.3;
				MTL_ENABLE_DEBUG_INFO = NO;
				SDKROOT = iphoneos;
				SWIFT_OPTIMIZATION_LEVEL = "-Owholemodule";
				TARGETED_DEVICE_FAMILY = "1,2";
				VALIDATE_PRODUCT = YES;
			};
			name = Release;
		};
		E1FAC8A21EC55C420077FA82 /* Debug */ = {
			isa = XCBuildConfiguration;
			buildSettings = {
				ASSETCATALOG_COMPILER_APPICON_NAME = AppIcon;
				INFOPLIST_FILE = agingpeople/Info.plist;
				LD_RUNPATH_SEARCH_PATHS = "$(inherited) @executable_path/Frameworks";
				PRODUCT_BUNDLE_IDENTIFIER = com.codingdojo.agingpeople;
				PRODUCT_NAME = "$(TARGET_NAME)";
				SWIFT_VERSION = 3.0;
			};
			name = Debug;
		};
		E1FAC8A31EC55C420077FA82 /* Release */ = {
			isa = XCBuildConfiguration;
			buildSettings = {
				ASSETCATALOG_COMPILER_APPICON_NAME = AppIcon;
				INFOPLIST_FILE = agingpeople/Info.plist;
				LD_RUNPATH_SEARCH_PATHS = "$(inherited) @executable_path/Frameworks";
				PRODUCT_BUNDLE_IDENTIFIER = com.codingdojo.agingpeople;
				PRODUCT_NAME = "$(TARGET_NAME)";
				SWIFT_VERSION = 3.0;
			};
			name = Release;
		};
		E1FAC8A51EC55C420077FA82 /* Debug */ = {
			isa = XCBuildConfiguration;
			buildSettings = {
				ALWAYS_EMBED_SWIFT_STANDARD_LIBRARIES = YES;
				BUNDLE_LOADER = "$(TEST_HOST)";
				INFOPLIST_FILE = agingpeopleTests/Info.plist;
				LD_RUNPATH_SEARCH_PATHS = "$(inherited) @executable_path/Frameworks @loader_path/Frameworks";
				PRODUCT_BUNDLE_IDENTIFIER = com.codingdojo.agingpeopleTests;
				PRODUCT_NAME = "$(TARGET_NAME)";
				SWIFT_VERSION = 3.0;
				TEST_HOST = "$(BUILT_PRODUCTS_DIR)/agingpeople.app/agingpeople";
			};
			name = Debug;
		};
		E1FAC8A61EC55C420077FA82 /* Release */ = {
			isa = XCBuildConfiguration;
			buildSettings = {
				ALWAYS_EMBED_SWIFT_STANDARD_LIBRARIES = YES;
				BUNDLE_LOADER = "$(TEST_HOST)";
				INFOPLIST_FILE = agingpeopleTests/Info.plist;
				LD_RUNPATH_SEARCH_PATHS = "$(inherited) @executable_path/Frameworks @loader_path/Frameworks";
				PRODUCT_BUNDLE_IDENTIFIER = com.codingdojo.agingpeopleTests;
				PRODUCT_NAME = "$(TARGET_NAME)";
				SWIFT_VERSION = 3.0;
				TEST_HOST = "$(BUILT_PRODUCTS_DIR)/agingpeople.app/agingpeople";
			};
			name = Release;
		};
		E1FAC8A81EC55C420077FA82 /* Debug */ = {
			isa = XCBuildConfiguration;
			buildSettings = {
				ALWAYS_EMBED_SWIFT_STANDARD_LIBRARIES = YES;
				INFOPLIST_FILE = agingpeopleUITests/Info.plist;
				LD_RUNPATH_SEARCH_PATHS = "$(inherited) @executable_path/Frameworks @loader_path/Frameworks";
				PRODUCT_BUNDLE_IDENTIFIER = com.codingdojo.agingpeopleUITests;
				PRODUCT_NAME = "$(TARGET_NAME)";
				SWIFT_VERSION = 3.0;
				TEST_TARGET_NAME = agingpeople;
			};
			name = Debug;
		};
		E1FAC8A91EC55C420077FA82 /* Release */ = {
			isa = XCBuildConfiguration;
			buildSettings = {
				ALWAYS_EMBED_SWIFT_STANDARD_LIBRARIES = YES;
				INFOPLIST_FILE = agingpeopleUITests/Info.plist;
				LD_RUNPATH_SEARCH_PATHS = "$(inherited) @executable_path/Frameworks @loader_path/Frameworks";
				PRODUCT_BUNDLE_IDENTIFIER = com.codingdojo.agingpeopleUITests;
				PRODUCT_NAME = "$(TARGET_NAME)";
				SWIFT_VERSION = 3.0;
				TEST_TARGET_NAME = agingpeople;
			};
			name = Release;
		};
/* End XCBuildConfiguration section */

/* Begin XCConfigurationList section */
		E1FAC8741EC55C420077FA82 /* Build configuration list for PBXProject "agingpeople" */ = {
			isa = XCConfigurationList;
			buildConfigurations = (
				E1FAC89F1EC55C420077FA82 /* Debug */,
				E1FAC8A01EC55C420077FA82 /* Release */,
			);
			defaultConfigurationIsVisible = 0;
			defaultConfigurationName = Release;
		};
		E1FAC8A11EC55C420077FA82 /* Build configuration list for PBXNativeTarget "agingpeople" */ = {
			isa = XCConfigurationList;
			buildConfigurations = (
				E1FAC8A21EC55C420077FA82 /* Debug */,
				E1FAC8A31EC55C420077FA82 /* Release */,
			);
			defaultConfigurationIsVisible = 0;
			defaultConfigurationName = Release;
		};
		E1FAC8A41EC55C420077FA82 /* Build configuration list for PBXNativeTarget "agingpeopleTests" */ = {
			isa = XCConfigurationList;
			buildConfigurations = (
				E1FAC8A51EC55C420077FA82 /* Debug */,
				E1FAC8A61EC55C420077FA82 /* Release */,
			);
			defaultConfigurationIsVisible = 0;
			defaultConfigurationName = Release;
		};
		E1FAC8A71EC55C420077FA82 /* Build configuration list for PBXNativeTarget "agingpeopleUITests" */ = {
			isa = XCConfigurationList;
			buildConfigurations = (
				E1FAC8A81EC55C420077FA82 /* Debug */,
				E1FAC8A91EC55C420077FA82 /* Release */,
			);
			defaultConfigurationIsVisible = 0;
			defaultConfigurationName = Release;
		};
/* End XCConfigurationList section */
	};
	rootObject = E1FAC8711EC55C420077FA82 /* Project object */;
}
