// !$*UTF8*$!
{
	archiveVersion = 1;
	classes = {
	};
	objectVersion = 46;
	objects = {

/* Begin PBXBuildFile section */
		E138B7E11EC4DC8500B16338 /* AppDelegate.swift in Sources */ = {isa = PBXBuildFile; fileRef = E138B7E01EC4DC8500B16338 /* AppDelegate.swift */; };
		E138B7E31EC4DC8500B16338 /* ViewController.swift in Sources */ = {isa = PBXBuildFile; fileRef = E138B7E21EC4DC8500B16338 /* ViewController.swift */; };
		E138B7E61EC4DC8500B16338 /* Main.storyboard in Resources */ = {isa = PBXBuildFile; fileRef = E138B7E41EC4DC8500B16338 /* Main.storyboard */; };
		E138B7E81EC4DC8500B16338 /* Assets.xcassets in Resources */ = {isa = PBXBuildFile; fileRef = E138B7E71EC4DC8500B16338 /* Assets.xcassets */; };
		E138B7EB1EC4DC8500B16338 /* LaunchScreen.storyboard in Resources */ = {isa = PBXBuildFile; fileRef = E138B7E91EC4DC8500B16338 /* LaunchScreen.storyboard */; };
		E138B7F61EC4DC8600B16338 /* numbergameTests.swift in Sources */ = {isa = PBXBuildFile; fileRef = E138B7F51EC4DC8600B16338 /* numbergameTests.swift */; };
		E138B8011EC4DC8600B16338 /* numbergameUITests.swift in Sources */ = {isa = PBXBuildFile; fileRef = E138B8001EC4DC8600B16338 /* numbergameUITests.swift */; };
/* End PBXBuildFile section */

/* Begin PBXContainerItemProxy section */
		E138B7F21EC4DC8600B16338 /* PBXContainerItemProxy */ = {
			isa = PBXContainerItemProxy;
			containerPortal = E138B7D51EC4DC8500B16338 /* Project object */;
			proxyType = 1;
			remoteGlobalIDString = E138B7DC1EC4DC8500B16338;
			remoteInfo = numbergame;
		};
		E138B7FD1EC4DC8600B16338 /* PBXContainerItemProxy */ = {
			isa = PBXContainerItemProxy;
			containerPortal = E138B7D51EC4DC8500B16338 /* Project object */;
			proxyType = 1;
			remoteGlobalIDString = E138B7DC1EC4DC8500B16338;
			remoteInfo = numbergame;
		};
/* End PBXContainerItemProxy section */

/* Begin PBXFileReference section */
		E138B7DD1EC4DC8500B16338 /* numbergame.app */ = {isa = PBXFileReference; explicitFileType = wrapper.application; includeInIndex = 0; path = numbergame.app; sourceTree = BUILT_PRODUCTS_DIR; };
		E138B7E01EC4DC8500B16338 /* AppDelegate.swift */ = {isa = PBXFileReference; lastKnownFileType = sourcecode.swift; path = AppDelegate.swift; sourceTree = "<group>"; };
		E138B7E21EC4DC8500B16338 /* ViewController.swift */ = {isa = PBXFileReference; lastKnownFileType = sourcecode.swift; path = ViewController.swift; sourceTree = "<group>"; };
		E138B7E51EC4DC8500B16338 /* Base */ = {isa = PBXFileReference; lastKnownFileType = file.storyboard; name = Base; path = Base.lproj/Main.storyboard; sourceTree = "<group>"; };
		E138B7E71EC4DC8500B16338 /* Assets.xcassets */ = {isa = PBXFileReference; lastKnownFileType = folder.assetcatalog; path = Assets.xcassets; sourceTree = "<group>"; };
		E138B7EA1EC4DC8500B16338 /* Base */ = {isa = PBXFileReference; lastKnownFileType = file.storyboard; name = Base; path = Base.lproj/LaunchScreen.storyboard; sourceTree = "<group>"; };
		E138B7EC1EC4DC8500B16338 /* Info.plist */ = {isa = PBXFileReference; lastKnownFileType = text.plist.xml; path = Info.plist; sourceTree = "<group>"; };
		E138B7F11EC4DC8600B16338 /* numbergameTests.xctest */ = {isa = PBXFileReference; explicitFileType = wrapper.cfbundle; includeInIndex = 0; path = numbergameTests.xctest; sourceTree = BUILT_PRODUCTS_DIR; };
		E138B7F51EC4DC8600B16338 /* numbergameTests.swift */ = {isa = PBXFileReference; lastKnownFileType = sourcecode.swift; path = numbergameTests.swift; sourceTree = "<group>"; };
		E138B7F71EC4DC8600B16338 /* Info.plist */ = {isa = PBXFileReference; lastKnownFileType = text.plist.xml; path = Info.plist; sourceTree = "<group>"; };
		E138B7FC1EC4DC8600B16338 /* numbergameUITests.xctest */ = {isa = PBXFileReference; explicitFileType = wrapper.cfbundle; includeInIndex = 0; path = numbergameUITests.xctest; sourceTree = BUILT_PRODUCTS_DIR; };
		E138B8001EC4DC8600B16338 /* numbergameUITests.swift */ = {isa = PBXFileReference; lastKnownFileType = sourcecode.swift; path = numbergameUITests.swift; sourceTree = "<group>"; };
		E138B8021EC4DC8600B16338 /* Info.plist */ = {isa = PBXFileReference; lastKnownFileType = text.plist.xml; path = Info.plist; sourceTree = "<group>"; };
/* End PBXFileReference section */

/* Begin PBXFrameworksBuildPhase section */
		E138B7DA1EC4DC8500B16338 /* Frameworks */ = {
			isa = PBXFrameworksBuildPhase;
			buildActionMask = 2147483647;
			files = (
			);
			runOnlyForDeploymentPostprocessing = 0;
		};
		E138B7EE1EC4DC8600B16338 /* Frameworks */ = {
			isa = PBXFrameworksBuildPhase;
			buildActionMask = 2147483647;
			files = (
			);
			runOnlyForDeploymentPostprocessing = 0;
		};
		E138B7F91EC4DC8600B16338 /* Frameworks */ = {
			isa = PBXFrameworksBuildPhase;
			buildActionMask = 2147483647;
			files = (
			);
			runOnlyForDeploymentPostprocessing = 0;
		};
/* End PBXFrameworksBuildPhase section */

/* Begin PBXGroup section */
		E138B7D41EC4DC8500B16338 = {
			isa = PBXGroup;
			children = (
				E138B7DF1EC4DC8500B16338 /* numbergame */,
				E138B7F41EC4DC8600B16338 /* numbergameTests */,
				E138B7FF1EC4DC8600B16338 /* numbergameUITests */,
				E138B7DE1EC4DC8500B16338 /* Products */,
			);
			sourceTree = "<group>";
		};
		E138B7DE1EC4DC8500B16338 /* Products */ = {
			isa = PBXGroup;
			children = (
				E138B7DD1EC4DC8500B16338 /* numbergame.app */,
				E138B7F11EC4DC8600B16338 /* numbergameTests.xctest */,
				E138B7FC1EC4DC8600B16338 /* numbergameUITests.xctest */,
			);
			name = Products;
			sourceTree = "<group>";
		};
		E138B7DF1EC4DC8500B16338 /* numbergame */ = {
			isa = PBXGroup;
			children = (
				E138B7E01EC4DC8500B16338 /* AppDelegate.swift */,
				E138B7E21EC4DC8500B16338 /* ViewController.swift */,
				E138B7E41EC4DC8500B16338 /* Main.storyboard */,
				E138B7E71EC4DC8500B16338 /* Assets.xcassets */,
				E138B7E91EC4DC8500B16338 /* LaunchScreen.storyboard */,
				E138B7EC1EC4DC8500B16338 /* Info.plist */,
			);
			path = numbergame;
			sourceTree = "<group>";
		};
		E138B7F41EC4DC8600B16338 /* numbergameTests */ = {
			isa = PBXGroup;
			children = (
				E138B7F51EC4DC8600B16338 /* numbergameTests.swift */,
				E138B7F71EC4DC8600B16338 /* Info.plist */,
			);
			path = numbergameTests;
			sourceTree = "<group>";
		};
		E138B7FF1EC4DC8600B16338 /* numbergameUITests */ = {
			isa = PBXGroup;
			children = (
				E138B8001EC4DC8600B16338 /* numbergameUITests.swift */,
				E138B8021EC4DC8600B16338 /* Info.plist */,
			);
			path = numbergameUITests;
			sourceTree = "<group>";
		};
/* End PBXGroup section */

/* Begin PBXNativeTarget section */
		E138B7DC1EC4DC8500B16338 /* numbergame */ = {
			isa = PBXNativeTarget;
			buildConfigurationList = E138B8051EC4DC8600B16338 /* Build configuration list for PBXNativeTarget "numbergame" */;
			buildPhases = (
				E138B7D91EC4DC8500B16338 /* Sources */,
				E138B7DA1EC4DC8500B16338 /* Frameworks */,
				E138B7DB1EC4DC8500B16338 /* Resources */,
			);
			buildRules = (
			);
			dependencies = (
			);
			name = numbergame;
			productName = numbergame;
			productReference = E138B7DD1EC4DC8500B16338 /* numbergame.app */;
			productType = "com.apple.product-type.application";
		};
		E138B7F01EC4DC8600B16338 /* numbergameTests */ = {
			isa = PBXNativeTarget;
			buildConfigurationList = E138B8081EC4DC8600B16338 /* Build configuration list for PBXNativeTarget "numbergameTests" */;
			buildPhases = (
				E138B7ED1EC4DC8600B16338 /* Sources */,
				E138B7EE1EC4DC8600B16338 /* Frameworks */,
				E138B7EF1EC4DC8600B16338 /* Resources */,
			);
			buildRules = (
			);
			dependencies = (
				E138B7F31EC4DC8600B16338 /* PBXTargetDependency */,
			);
			name = numbergameTests;
			productName = numbergameTests;
			productReference = E138B7F11EC4DC8600B16338 /* numbergameTests.xctest */;
			productType = "com.apple.product-type.bundle.unit-test";
		};
		E138B7FB1EC4DC8600B16338 /* numbergameUITests */ = {
			isa = PBXNativeTarget;
			buildConfigurationList = E138B80B1EC4DC8600B16338 /* Build configuration list for PBXNativeTarget "numbergameUITests" */;
			buildPhases = (
				E138B7F81EC4DC8600B16338 /* Sources */,
				E138B7F91EC4DC8600B16338 /* Frameworks */,
				E138B7FA1EC4DC8600B16338 /* Resources */,
			);
			buildRules = (
			);
			dependencies = (
				E138B7FE1EC4DC8600B16338 /* PBXTargetDependency */,
			);
			name = numbergameUITests;
			productName = numbergameUITests;
			productReference = E138B7FC1EC4DC8600B16338 /* numbergameUITests.xctest */;
			productType = "com.apple.product-type.bundle.ui-testing";
		};
/* End PBXNativeTarget section */

/* Begin PBXProject section */
		E138B7D51EC4DC8500B16338 /* Project object */ = {
			isa = PBXProject;
			attributes = {
				LastSwiftUpdateCheck = 0830;
				LastUpgradeCheck = 0830;
				ORGANIZATIONNAME = "Tahim Kader";
				TargetAttributes = {
					E138B7DC1EC4DC8500B16338 = {
						CreatedOnToolsVersion = 8.3.2;
						ProvisioningStyle = Automatic;
					};
					E138B7F01EC4DC8600B16338 = {
						CreatedOnToolsVersion = 8.3.2;
						ProvisioningStyle = Automatic;
						TestTargetID = E138B7DC1EC4DC8500B16338;
					};
					E138B7FB1EC4DC8600B16338 = {
						CreatedOnToolsVersion = 8.3.2;
						ProvisioningStyle = Automatic;
						TestTargetID = E138B7DC1EC4DC8500B16338;
					};
				};
			};
			buildConfigurationList = E138B7D81EC4DC8500B16338 /* Build configuration list for PBXProject "numbergame" */;
			compatibilityVersion = "Xcode 3.2";
			developmentRegion = English;
			hasScannedForEncodings = 0;
			knownRegions = (
				en,
				Base,
			);
			mainGroup = E138B7D41EC4DC8500B16338;
			productRefGroup = E138B7DE1EC4DC8500B16338 /* Products */;
			projectDirPath = "";
			projectRoot = "";
			targets = (
				E138B7DC1EC4DC8500B16338 /* numbergame */,
				E138B7F01EC4DC8600B16338 /* numbergameTests */,
				E138B7FB1EC4DC8600B16338 /* numbergameUITests */,
			);
		};
/* End PBXProject section */

/* Begin PBXResourcesBuildPhase section */
		E138B7DB1EC4DC8500B16338 /* Resources */ = {
			isa = PBXResourcesBuildPhase;
			buildActionMask = 2147483647;
			files = (
				E138B7EB1EC4DC8500B16338 /* LaunchScreen.storyboard in Resources */,
				E138B7E81EC4DC8500B16338 /* Assets.xcassets in Resources */,
				E138B7E61EC4DC8500B16338 /* Main.storyboard in Resources */,
			);
			runOnlyForDeploymentPostprocessing = 0;
		};
		E138B7EF1EC4DC8600B16338 /* Resources */ = {
			isa = PBXResourcesBuildPhase;
			buildActionMask = 2147483647;
			files = (
			);
			runOnlyForDeploymentPostprocessing = 0;
		};
		E138B7FA1EC4DC8600B16338 /* Resources */ = {
			isa = PBXResourcesBuildPhase;
			buildActionMask = 2147483647;
			files = (
			);
			runOnlyForDeploymentPostprocessing = 0;
		};
/* End PBXResourcesBuildPhase section */

/* Begin PBXSourcesBuildPhase section */
		E138B7D91EC4DC8500B16338 /* Sources */ = {
			isa = PBXSourcesBuildPhase;
			buildActionMask = 2147483647;
			files = (
				E138B7E31EC4DC8500B16338 /* ViewController.swift in Sources */,
				E138B7E11EC4DC8500B16338 /* AppDelegate.swift in Sources */,
			);
			runOnlyForDeploymentPostprocessing = 0;
		};
		E138B7ED1EC4DC8600B16338 /* Sources */ = {
			isa = PBXSourcesBuildPhase;
			buildActionMask = 2147483647;
			files = (
				E138B7F61EC4DC8600B16338 /* numbergameTests.swift in Sources */,
			);
			runOnlyForDeploymentPostprocessing = 0;
		};
		E138B7F81EC4DC8600B16338 /* Sources */ = {
			isa = PBXSourcesBuildPhase;
			buildActionMask = 2147483647;
			files = (
				E138B8011EC4DC8600B16338 /* numbergameUITests.swift in Sources */,
			);
			runOnlyForDeploymentPostprocessing = 0;
		};
/* End PBXSourcesBuildPhase section */

/* Begin PBXTargetDependency section */
		E138B7F31EC4DC8600B16338 /* PBXTargetDependency */ = {
			isa = PBXTargetDependency;
			target = E138B7DC1EC4DC8500B16338 /* numbergame */;
			targetProxy = E138B7F21EC4DC8600B16338 /* PBXContainerItemProxy */;
		};
		E138B7FE1EC4DC8600B16338 /* PBXTargetDependency */ = {
			isa = PBXTargetDependency;
			target = E138B7DC1EC4DC8500B16338 /* numbergame */;
			targetProxy = E138B7FD1EC4DC8600B16338 /* PBXContainerItemProxy */;
		};
/* End PBXTargetDependency section */

/* Begin PBXVariantGroup section */
		E138B7E41EC4DC8500B16338 /* Main.storyboard */ = {
			isa = PBXVariantGroup;
			children = (
				E138B7E51EC4DC8500B16338 /* Base */,
			);
			name = Main.storyboard;
			sourceTree = "<group>";
		};
		E138B7E91EC4DC8500B16338 /* LaunchScreen.storyboard */ = {
			isa = PBXVariantGroup;
			children = (
				E138B7EA1EC4DC8500B16338 /* Base */,
			);
			name = LaunchScreen.storyboard;
			sourceTree = "<group>";
		};
/* End PBXVariantGroup section */

/* Begin XCBuildConfiguration section */
		E138B8031EC4DC8600B16338 /* Debug */ = {
			isa = XCBuildConfiguration;
			buildSettings = {
				ALWAYS_SEARCH_USER_PATHS = NO;
				CLANG_ANALYZER_NONNULL = YES;
				CLANG_ANALYZER_NUMBER_OBJECT_CONVERSION = YES_AGGRESSIVE;
				CLANG_CXX_LANGUAGE_STANDARD = "gnu++0x";
				CLANG_CXX_LIBRARY = "libc++";
				CLANG_ENABLE_MODULES = YES;
				CLANG_ENABLE_OBJC_ARC = YES;
				CLANG_WARN_BOOL_CONVERSION = YES;
				CLANG_WARN_CONSTANT_CONVERSION = YES;
				CLANG_WARN_DIRECT_OBJC_ISA_USAGE = YES_ERROR;
				CLANG_WARN_DOCUMENTATION_COMMENTS = YES;
				CLANG_WARN_EMPTY_BODY = YES;
				CLANG_WARN_ENUM_CONVERSION = YES;
				CLANG_WARN_INFINITE_RECURSION = YES;
				CLANG_WARN_INT_CONVERSION = YES;
				CLANG_WARN_OBJC_ROOT_CLASS = YES_ERROR;
				CLANG_WARN_SUSPICIOUS_MOVE = YES;
				CLANG_WARN_UNREACHABLE_CODE = YES;
				CLANG_WARN__DUPLICATE_METHOD_MATCH = YES;
				"CODE_SIGN_IDENTITY[sdk=iphoneos*]" = "iPhone Developer";
				COPY_PHASE_STRIP = NO;
				DEBUG_INFORMATION_FORMAT = dwarf;
				ENABLE_STRICT_OBJC_MSGSEND = YES;
				ENABLE_TESTABILITY = YES;
				GCC_C_LANGUAGE_STANDARD = gnu99;
				GCC_DYNAMIC_NO_PIC = NO;
				GCC_NO_COMMON_BLOCKS = YES;
				GCC_OPTIMIZATION_LEVEL = 0;
				GCC_PREPROCESSOR_DEFINITIONS = (
					"DEBUG=1",
					"$(inherited)",
				);
				GCC_WARN_64_TO_32_BIT_CONVERSION = YES;
				GCC_WARN_ABOUT_RETURN_TYPE = YES_ERROR;
				GCC_WARN_UNDECLARED_SELECTOR = YES;
				GCC_WARN_UNINITIALIZED_AUTOS = YES_AGGRESSIVE;
				GCC_WARN_UNUSED_FUNCTION = YES;
				GCC_WARN_UNUSED_VARIABLE = YES;
				IPHONEOS_DEPLOYMENT_TARGET = 10.3;
				MTL_ENABLE_DEBUG_INFO = YES;
				ONLY_ACTIVE_ARCH = YES;
				SDKROOT = iphoneos;
				SWIFT_ACTIVE_COMPILATION_CONDITIONS = DEBUG;
				SWIFT_OPTIMIZATION_LEVEL = "-Onone";
				TARGETED_DEVICE_FAMILY = "1,2";
			};
			name = Debug;
		};
		E138B8041EC4DC8600B16338 /* Release */ = {
			isa = XCBuildConfiguration;
			buildSettings = {
				ALWAYS_SEARCH_USER_PATHS = NO;
				CLANG_ANALYZER_NONNULL = YES;
				CLANG_ANALYZER_NUMBER_OBJECT_CONVERSION = YES_AGGRESSIVE;
				CLANG_CXX_LANGUAGE_STANDARD = "gnu++0x";
				CLANG_CXX_LIBRARY = "libc++";
				CLANG_ENABLE_MODULES = YES;
				CLANG_ENABLE_OBJC_ARC = YES;
				CLANG_WARN_BOOL_CONVERSION = YES;
				CLANG_WARN_CONSTANT_CONVERSION = YES;
				CLANG_WARN_DIRECT_OBJC_ISA_USAGE = YES_ERROR;
				CLANG_WARN_DOCUMENTATION_COMMENTS = YES;
				CLANG_WARN_EMPTY_BODY = YES;
				CLANG_WARN_ENUM_CONVERSION = YES;
				CLANG_WARN_INFINITE_RECURSION = YES;
				CLANG_WARN_INT_CONVERSION = YES;
				CLANG_WARN_OBJC_ROOT_CLASS = YES_ERROR;
				CLANG_WARN_SUSPICIOUS_MOVE = YES;
				CLANG_WARN_UNREACHABLE_CODE = YES;
				CLANG_WARN__DUPLICATE_METHOD_MATCH = YES;
				"CODE_SIGN_IDENTITY[sdk=iphoneos*]" = "iPhone Developer";
				COPY_PHASE_STRIP = NO;
				DEBUG_INFORMATION_FORMAT = "dwarf-with-dsym";
				ENABLE_NS_ASSERTIONS = NO;
				ENABLE_STRICT_OBJC_MSGSEND = YES;
				GCC_C_LANGUAGE_STANDARD = gnu99;
				GCC_NO_COMMON_BLOCKS = YES;
				GCC_WARN_64_TO_32_BIT_CONVERSION = YES;
				GCC_WARN_ABOUT_RETURN_TYPE = YES_ERROR;
				GCC_WARN_UNDECLARED_SELECTOR = YES;
				GCC_WARN_UNINITIALIZED_AUTOS = YES_AGGRESSIVE;
				GCC_WARN_UNUSED_FUNCTION = YES;
				GCC_WARN_UNUSED_VARIABLE = YES;
				IPHONEOS_DEPLOYMENT_TARGET = 10.3;
				MTL_ENABLE_DEBUG_INFO = NO;
				SDKROOT = iphoneos;
				SWIFT_OPTIMIZATION_LEVEL = "-Owholemodule";
				TARGETED_DEVICE_FAMILY = "1,2";
				VALIDATE_PRODUCT = YES;
			};
			name = Release;
		};
		E138B8061EC4DC8600B16338 /* Debug */ = {
			isa = XCBuildConfiguration;
			buildSettings = {
				ASSETCATALOG_COMPILER_APPICON_NAME = AppIcon;
				INFOPLIST_FILE = numbergame/Info.plist;
				LD_RUNPATH_SEARCH_PATHS = "$(inherited) @executable_path/Frameworks";
				PRODUCT_BUNDLE_IDENTIFIER = com.codingdojo.numbergame;
				PRODUCT_NAME = "$(TARGET_NAME)";
				SWIFT_VERSION = 3.0;
			};
			name = Debug;
		};
		E138B8071EC4DC8600B16338 /* Release */ = {
			isa = XCBuildConfiguration;
			buildSettings = {
				ASSETCATALOG_COMPILER_APPICON_NAME = AppIcon;
				INFOPLIST_FILE = numbergame/Info.plist;
				LD_RUNPATH_SEARCH_PATHS = "$(inherited) @executable_path/Frameworks";
				PRODUCT_BUNDLE_IDENTIFIER = com.codingdojo.numbergame;
				PRODUCT_NAME = "$(TARGET_NAME)";
				SWIFT_VERSION = 3.0;
			};
			name = Release;
		};
		E138B8091EC4DC8600B16338 /* Debug */ = {
			isa = XCBuildConfiguration;
			buildSettings = {
				ALWAYS_EMBED_SWIFT_STANDARD_LIBRARIES = YES;
				BUNDLE_LOADER = "$(TEST_HOST)";
				INFOPLIST_FILE = numbergameTests/Info.plist;
				LD_RUNPATH_SEARCH_PATHS = "$(inherited) @executable_path/Frameworks @loader_path/Frameworks";
				PRODUCT_BUNDLE_IDENTIFIER = com.codingdojo.numbergameTests;
				PRODUCT_NAME = "$(TARGET_NAME)";
				SWIFT_VERSION = 3.0;
				TEST_HOST = "$(BUILT_PRODUCTS_DIR)/numbergame.app/numbergame";
			};
			name = Debug;
		};
		E138B80A1EC4DC8600B16338 /* Release */ = {
			isa = XCBuildConfiguration;
			buildSettings = {
				ALWAYS_EMBED_SWIFT_STANDARD_LIBRARIES = YES;
				BUNDLE_LOADER = "$(TEST_HOST)";
				INFOPLIST_FILE = numbergameTests/Info.plist;
				LD_RUNPATH_SEARCH_PATHS = "$(inherited) @executable_path/Frameworks @loader_path/Frameworks";
				PRODUCT_BUNDLE_IDENTIFIER = com.codingdojo.numbergameTests;
				PRODUCT_NAME = "$(TARGET_NAME)";
				SWIFT_VERSION = 3.0;
				TEST_HOST = "$(BUILT_PRODUCTS_DIR)/numbergame.app/numbergame";
			};
			name = Release;
		};
		E138B80C1EC4DC8600B16338 /* Debug */ = {
			isa = XCBuildConfiguration;
			buildSettings = {
				ALWAYS_EMBED_SWIFT_STANDARD_LIBRARIES = YES;
				INFOPLIST_FILE = numbergameUITests/Info.plist;
				LD_RUNPATH_SEARCH_PATHS = "$(inherited) @executable_path/Frameworks @loader_path/Frameworks";
				PRODUCT_BUNDLE_IDENTIFIER = com.codingdojo.numbergameUITests;
				PRODUCT_NAME = "$(TARGET_NAME)";
				SWIFT_VERSION = 3.0;
				TEST_TARGET_NAME = numbergame;
			};
			name = Debug;
		};
		E138B80D1EC4DC8600B16338 /* Release */ = {
			isa = XCBuildConfiguration;
			buildSettings = {
				ALWAYS_EMBED_SWIFT_STANDARD_LIBRARIES = YES;
				INFOPLIST_FILE = numbergameUITests/Info.plist;
				LD_RUNPATH_SEARCH_PATHS = "$(inherited) @executable_path/Frameworks @loader_path/Frameworks";
				PRODUCT_BUNDLE_IDENTIFIER = com.codingdojo.numbergameUITests;
				PRODUCT_NAME = "$(TARGET_NAME)";
				SWIFT_VERSION = 3.0;
				TEST_TARGET_NAME = numbergame;
			};
			name = Release;
		};
/* End XCBuildConfiguration section */

/* Begin XCConfigurationList section */
		E138B7D81EC4DC8500B16338 /* Build configuration list for PBXProject "numbergame" */ = {
			isa = XCConfigurationList;
			buildConfigurations = (
				E138B8031EC4DC8600B16338 /* Debug */,
				E138B8041EC4DC8600B16338 /* Release */,
			);
			defaultConfigurationIsVisible = 0;
			defaultConfigurationName = Release;
		};
		E138B8051EC4DC8600B16338 /* Build configuration list for PBXNativeTarget "numbergame" */ = {
			isa = XCConfigurationList;
			buildConfigurations = (
				E138B8061EC4DC8600B16338 /* Debug */,
				E138B8071EC4DC8600B16338 /* Release */,
			);
			defaultConfigurationIsVisible = 0;
		};
		E138B8081EC4DC8600B16338 /* Build configuration list for PBXNativeTarget "numbergameTests" */ = {
			isa = XCConfigurationList;
			buildConfigurations = (
				E138B8091EC4DC8600B16338 /* Debug */,
				E138B80A1EC4DC8600B16338 /* Release */,
			);
			defaultConfigurationIsVisible = 0;
		};
		E138B80B1EC4DC8600B16338 /* Build configuration list for PBXNativeTarget "numbergameUITests" */ = {
			isa = XCConfigurationList;
			buildConfigurations = (
				E138B80C1EC4DC8600B16338 /* Debug */,
				E138B80D1EC4DC8600B16338 /* Release */,
			);
			defaultConfigurationIsVisible = 0;
		};
/* End XCConfigurationList section */
	};
	rootObject = E138B7D51EC4DC8500B16338 /* Project object */;
}
