// !$*UTF8*$!
{
	archiveVersion = 1;
	classes = {
	};
	objectVersion = 46;
	objects = {

/* Begin PBXBuildFile section */
		E139C0AE1EE233500011A1E2 /* AppDelegate.swift in Sources */ = {isa = PBXBuildFile; fileRef = E139C0AD1EE233500011A1E2 /* AppDelegate.swift */; };
		E139C0B01EE233500011A1E2 /* GameScene.sks in Resources */ = {isa = PBXBuildFile; fileRef = E139C0AF1EE233500011A1E2 /* GameScene.sks */; };
		E139C0B21EE233500011A1E2 /* Actions.sks in Resources */ = {isa = PBXBuildFile; fileRef = E139C0B11EE233500011A1E2 /* Actions.sks */; };
		E139C0B41EE233500011A1E2 /* GameScene.swift in Sources */ = {isa = PBXBuildFile; fileRef = E139C0B31EE233500011A1E2 /* GameScene.swift */; };
		E139C0B61EE233500011A1E2 /* GameViewController.swift in Sources */ = {isa = PBXBuildFile; fileRef = E139C0B51EE233500011A1E2 /* GameViewController.swift */; };
		E139C0B91EE233500011A1E2 /* Main.storyboard in Resources */ = {isa = PBXBuildFile; fileRef = E139C0B71EE233500011A1E2 /* Main.storyboard */; };
		E139C0BB1EE233500011A1E2 /* Assets.xcassets in Resources */ = {isa = PBXBuildFile; fileRef = E139C0BA1EE233500011A1E2 /* Assets.xcassets */; };
		E139C0BE1EE233500011A1E2 /* LaunchScreen.storyboard in Resources */ = {isa = PBXBuildFile; fileRef = E139C0BC1EE233500011A1E2 /* LaunchScreen.storyboard */; };
/* End PBXBuildFile section */

/* Begin PBXFileReference section */
		E139C0AA1EE2334F0011A1E2 /* cool.app */ = {isa = PBXFileReference; explicitFileType = wrapper.application; includeInIndex = 0; path = cool.app; sourceTree = BUILT_PRODUCTS_DIR; };
		E139C0AD1EE233500011A1E2 /* AppDelegate.swift */ = {isa = PBXFileReference; lastKnownFileType = sourcecode.swift; path = AppDelegate.swift; sourceTree = "<group>"; };
		E139C0AF1EE233500011A1E2 /* GameScene.sks */ = {isa = PBXFileReference; lastKnownFileType = file.sks; path = GameScene.sks; sourceTree = "<group>"; };
		E139C0B11EE233500011A1E2 /* Actions.sks */ = {isa = PBXFileReference; lastKnownFileType = file.sks; path = Actions.sks; sourceTree = "<group>"; };
		E139C0B31EE233500011A1E2 /* GameScene.swift */ = {isa = PBXFileReference; lastKnownFileType = sourcecode.swift; path = GameScene.swift; sourceTree = "<group>"; };
		E139C0B51EE233500011A1E2 /* GameViewController.swift */ = {isa = PBXFileReference; lastKnownFileType = sourcecode.swift; path = GameViewController.swift; sourceTree = "<group>"; };
		E139C0B81EE233500011A1E2 /* Base */ = {isa = PBXFileReference; lastKnownFileType = file.storyboard; name = Base; path = Base.lproj/Main.storyboard; sourceTree = "<group>"; };
		E139C0BA1EE233500011A1E2 /* Assets.xcassets */ = {isa = PBXFileReference; lastKnownFileType = folder.assetcatalog; path = Assets.xcassets; sourceTree = "<group>"; };
		E139C0BD1EE233500011A1E2 /* Base */ = {isa = PBXFileReference; lastKnownFileType = file.storyboard; name = Base; path = Base.lproj/LaunchScreen.storyboard; sourceTree = "<group>"; };
		E139C0BF1EE233500011A1E2 /* Info.plist */ = {isa = PBXFileReference; lastKnownFileType = text.plist.xml; path = Info.plist; sourceTree = "<group>"; };
/* End PBXFileReference section */

/* Begin PBXFrameworksBuildPhase section */
		E139C0A71EE2334F0011A1E2 /* Frameworks */ = {
			isa = PBXFrameworksBuildPhase;
			buildActionMask = 2147483647;
			files = (
			);
			runOnlyForDeploymentPostprocessing = 0;
		};
/* End PBXFrameworksBuildPhase section */

/* Begin PBXGroup section */
		E139C0A11EE2334F0011A1E2 = {
			isa = PBXGroup;
			children = (
				E139C0AC1EE2334F0011A1E2 /* cool */,
				E139C0AB1EE2334F0011A1E2 /* Products */,
			);
			sourceTree = "<group>";
		};
		E139C0AB1EE2334F0011A1E2 /* Products */ = {
			isa = PBXGroup;
			children = (
				E139C0AA1EE2334F0011A1E2 /* cool.app */,
			);
			name = Products;
			sourceTree = "<group>";
		};
		E139C0AC1EE2334F0011A1E2 /* cool */ = {
			isa = PBXGroup;
			children = (
				E139C0AD1EE233500011A1E2 /* AppDelegate.swift */,
				E139C0AF1EE233500011A1E2 /* GameScene.sks */,
				E139C0B11EE233500011A1E2 /* Actions.sks */,
				E139C0B31EE233500011A1E2 /* GameScene.swift */,
				E139C0B51EE233500011A1E2 /* GameViewController.swift */,
				E139C0B71EE233500011A1E2 /* Main.storyboard */,
				E139C0BA1EE233500011A1E2 /* Assets.xcassets */,
				E139C0BC1EE233500011A1E2 /* LaunchScreen.storyboard */,
				E139C0BF1EE233500011A1E2 /* Info.plist */,
			);
			path = cool;
			sourceTree = "<group>";
		};
/* End PBXGroup section */

/* Begin PBXNativeTarget section */
		E139C0A91EE2334F0011A1E2 /* cool */ = {
			isa = PBXNativeTarget;
			buildConfigurationList = E139C0C21EE233500011A1E2 /* Build configuration list for PBXNativeTarget "cool" */;
			buildPhases = (
				E139C0A61EE2334F0011A1E2 /* Sources */,
				E139C0A71EE2334F0011A1E2 /* Frameworks */,
				E139C0A81EE2334F0011A1E2 /* Resources */,
			);
			buildRules = (
			);
			dependencies = (
			);
			name = cool;
			productName = cool;
			productReference = E139C0AA1EE2334F0011A1E2 /* cool.app */;
			productType = "com.apple.product-type.application";
		};
/* End PBXNativeTarget section */

/* Begin PBXProject section */
		E139C0A21EE2334F0011A1E2 /* Project object */ = {
			isa = PBXProject;
			attributes = {
				LastSwiftUpdateCheck = 0830;
				LastUpgradeCheck = 0830;
				ORGANIZATIONNAME = "Tahim Kader";
				TargetAttributes = {
					E139C0A91EE2334F0011A1E2 = {
						CreatedOnToolsVersion = 8.3.2;
						DevelopmentTeam = 3BQXHZHCLF;
						ProvisioningStyle = Automatic;
					};
				};
			};
			buildConfigurationList = E139C0A51EE2334F0011A1E2 /* Build configuration list for PBXProject "cool" */;
			compatibilityVersion = "Xcode 3.2";
			developmentRegion = English;
			hasScannedForEncodings = 0;
			knownRegions = (
				en,
				Base,
			);
			mainGroup = E139C0A11EE2334F0011A1E2;
			productRefGroup = E139C0AB1EE2334F0011A1E2 /* Products */;
			projectDirPath = "";
			projectRoot = "";
			targets = (
				E139C0A91EE2334F0011A1E2 /* cool */,
			);
		};
/* End PBXProject section */

/* Begin PBXResourcesBuildPhase section */
		E139C0A81EE2334F0011A1E2 /* Resources */ = {
			isa = PBXResourcesBuildPhase;
			buildActionMask = 2147483647;
			files = (
				E139C0B91EE233500011A1E2 /* Main.storyboard in Resources */,
				E139C0B01EE233500011A1E2 /* GameScene.sks in Resources */,
				E139C0BB1EE233500011A1E2 /* Assets.xcassets in Resources */,
				E139C0BE1EE233500011A1E2 /* LaunchScreen.storyboard in Resources */,
				E139C0B21EE233500011A1E2 /* Actions.sks in Resources */,
			);
			runOnlyForDeploymentPostprocessing = 0;
		};
/* End PBXResourcesBuildPhase section */

/* Begin PBXSourcesBuildPhase section */
		E139C0A61EE2334F0011A1E2 /* Sources */ = {
			isa = PBXSourcesBuildPhase;
			buildActionMask = 2147483647;
			files = (
				E139C0B41EE233500011A1E2 /* GameScene.swift in Sources */,
				E139C0B61EE233500011A1E2 /* GameViewController.swift in Sources */,
				E139C0AE1EE233500011A1E2 /* AppDelegate.swift in Sources */,
			);
			runOnlyForDeploymentPostprocessing = 0;
		};
/* End PBXSourcesBuildPhase section */

/* Begin PBXVariantGroup section */
		E139C0B71EE233500011A1E2 /* Main.storyboard */ = {
			isa = PBXVariantGroup;
			children = (
				E139C0B81EE233500011A1E2 /* Base */,
			);
			name = Main.storyboard;
			sourceTree = "<group>";
		};
		E139C0BC1EE233500011A1E2 /* LaunchScreen.storyboard */ = {
			isa = PBXVariantGroup;
			children = (
				E139C0BD1EE233500011A1E2 /* Base */,
			);
			name = LaunchScreen.storyboard;
			sourceTree = "<group>";
		};
/* End PBXVariantGroup section */

/* Begin XCBuildConfiguration section */
		E139C0C01EE233500011A1E2 /* Debug */ = {
			isa = XCBuildConfiguration;
			buildSettings = {
				ALWAYS_SEARCH_USER_PATHS = NO;
				CLANG_ANALYZER_NONNULL = YES;
				CLANG_ANALYZER_NUMBER_OBJECT_CONVERSION = YES_AGGRESSIVE;
				CLANG_CXX_LANGUAGE_STANDARD = "gnu++0x";
				CLANG_CXX_LIBRARY = "libc++";
				CLANG_ENABLE_MODULES = YES;
				CLANG_ENABLE_OBJC_ARC = YES;
				CLANG_WARN_BOOL_CONVERSION = YES;
				CLANG_WARN_CONSTANT_CONVERSION = YES;
				CLANG_WARN_DIRECT_OBJC_ISA_USAGE = YES_ERROR;
				CLANG_WARN_DOCUMENTATION_COMMENTS = YES;
				CLANG_WARN_EMPTY_BODY = YES;
				CLANG_WARN_ENUM_CONVERSION = YES;
				CLANG_WARN_INFINITE_RECURSION = YES;
				CLANG_WARN_INT_CONVERSION = YES;
				CLANG_WARN_OBJC_ROOT_CLASS = YES_ERROR;
				CLANG_WARN_SUSPICIOUS_MOVE = YES;
				CLANG_WARN_UNREACHABLE_CODE = YES;
				CLANG_WARN__DUPLICATE_METHOD_MATCH = YES;
				"CODE_SIGN_IDENTITY[sdk=iphoneos*]" = "iPhone Developer";
				COPY_PHASE_STRIP = NO;
				DEBUG_INFORMATION_FORMAT = dwarf;
				ENABLE_STRICT_OBJC_MSGSEND = YES;
				ENABLE_TESTABILITY = YES;
				GCC_C_LANGUAGE_STANDARD = gnu99;
				GCC_DYNAMIC_NO_PIC = NO;
				GCC_NO_COMMON_BLOCKS = YES;
				GCC_OPTIMIZATION_LEVEL = 0;
				GCC_PREPROCESSOR_DEFINITIONS = (
					"DEBUG=1",
					"$(inherited)",
				);
				GCC_WARN_64_TO_32_BIT_CONVERSION = YES;
				GCC_WARN_ABOUT_RETURN_TYPE = YES_ERROR;
				GCC_WARN_UNDECLARED_SELECTOR = YES;
				GCC_WARN_UNINITIALIZED_AUTOS = YES_AGGRESSIVE;
				GCC_WARN_UNUSED_FUNCTION = YES;
				GCC_WARN_UNUSED_VARIABLE = YES;
				IPHONEOS_DEPLOYMENT_TARGET = 10.3;
				MTL_ENABLE_DEBUG_INFO = YES;
				ONLY_ACTIVE_ARCH = YES;
				SDKROOT = iphoneos;
				SWIFT_ACTIVE_COMPILATION_CONDITIONS = DEBUG;
				SWIFT_OPTIMIZATION_LEVEL = "-Onone";
			};
			name = Debug;
		};
		E139C0C11EE233500011A1E2 /* Release */ = {
			isa = XCBuildConfiguration;
			buildSettings = {
				ALWAYS_SEARCH_USER_PATHS = NO;
				CLANG_ANALYZER_NONNULL = YES;
				CLANG_ANALYZER_NUMBER_OBJECT_CONVERSION = YES_AGGRESSIVE;
				CLANG_CXX_LANGUAGE_STANDARD = "gnu++0x";
				CLANG_CXX_LIBRARY = "libc++";
				CLANG_ENABLE_MODULES = YES;
				CLANG_ENABLE_OBJC_ARC = YES;
				CLANG_WARN_BOOL_CONVERSION = YES;
				CLANG_WARN_CONSTANT_CONVERSION = YES;
				CLANG_WARN_DIRECT_OBJC_ISA_USAGE = YES_ERROR;
				CLANG_WARN_DOCUMENTATION_COMMENTS = YES;
				CLANG_WARN_EMPTY_BODY = YES;
				CLANG_WARN_ENUM_CONVERSION = YES;
				CLANG_WARN_INFINITE_RECURSION = YES;
				CLANG_WARN_INT_CONVERSION = YES;
				CLANG_WARN_OBJC_ROOT_CLASS = YES_ERROR;
				CLANG_WARN_SUSPICIOUS_MOVE = YES;
				CLANG_WARN_UNREACHABLE_CODE = YES;
				CLANG_WARN__DUPLICATE_METHOD_MATCH = YES;
				"CODE_SIGN_IDENTITY[sdk=iphoneos*]" = "iPhone Developer";
				COPY_PHASE_STRIP = NO;
				DEBUG_INFORMATION_FORMAT = "dwarf-with-dsym";
				ENABLE_NS_ASSERTIONS = NO;
				ENABLE_STRICT_OBJC_MSGSEND = YES;
				GCC_C_LANGUAGE_STANDARD = gnu99;
				GCC_NO_COMMON_BLOCKS = YES;
				GCC_WARN_64_TO_32_BIT_CONVERSION = YES;
				GCC_WARN_ABOUT_RETURN_TYPE = YES_ERROR;
				GCC_WARN_UNDECLARED_SELECTOR = YES;
				GCC_WARN_UNINITIALIZED_AUTOS = YES_AGGRESSIVE;
				GCC_WARN_UNUSED_FUNCTION = YES;
				GCC_WARN_UNUSED_VARIABLE = YES;
				IPHONEOS_DEPLOYMENT_TARGET = 10.3;
				MTL_ENABLE_DEBUG_INFO = NO;
				SDKROOT = iphoneos;
				SWIFT_OPTIMIZATION_LEVEL = "-Owholemodule";
				VALIDATE_PRODUCT = YES;
			};
			name = Release;
		};
		E139C0C31EE233500011A1E2 /* Debug */ = {
			isa = XCBuildConfiguration;
			buildSettings = {
				ASSETCATALOG_COMPILER_APPICON_NAME = AppIcon;
				DEVELOPMENT_TEAM = 3BQXHZHCLF;
				INFOPLIST_FILE = cool/Info.plist;
				LD_RUNPATH_SEARCH_PATHS = "$(inherited) @executable_path/Frameworks";
				PRODUCT_BUNDLE_IDENTIFIER = TahimKader.cool;
				PRODUCT_NAME = "$(TARGET_NAME)";
				SWIFT_VERSION = 3.0;
			};
			name = Debug;
		};
		E139C0C41EE233500011A1E2 /* Release */ = {
			isa = XCBuildConfiguration;
			buildSettings = {
				ASSETCATALOG_COMPILER_APPICON_NAME = AppIcon;
				DEVELOPMENT_TEAM = 3BQXHZHCLF;
				INFOPLIST_FILE = cool/Info.plist;
				LD_RUNPATH_SEARCH_PATHS = "$(inherited) @executable_path/Frameworks";
				PRODUCT_BUNDLE_IDENTIFIER = TahimKader.cool;
				PRODUCT_NAME = "$(TARGET_NAME)";
				SWIFT_VERSION = 3.0;
			};
			name = Release;
		};
/* End XCBuildConfiguration section */

/* Begin XCConfigurationList section */
		E139C0A51EE2334F0011A1E2 /* Build configuration list for PBXProject "cool" */ = {
			isa = XCConfigurationList;
			buildConfigurations = (
				E139C0C01EE233500011A1E2 /* Debug */,
				E139C0C11EE233500011A1E2 /* Release */,
			);
			defaultConfigurationIsVisible = 0;
			defaultConfigurationName = Release;
		};
		E139C0C21EE233500011A1E2 /* Build configuration list for PBXNativeTarget "cool" */ = {
			isa = XCConfigurationList;
			buildConfigurations = (
				E139C0C31EE233500011A1E2 /* Debug */,
				E139C0C41EE233500011A1E2 /* Release */,
			);
			defaultConfigurationIsVisible = 0;
		};
/* End XCConfigurationList section */
	};
	rootObject = E139C0A21EE2334F0011A1E2 /* Project object */;
}
