// !$*UTF8*$!
{
	archiveVersion = 1;
	classes = {
	};
	objectVersion = 46;
	objects = {

/* Begin PBXBuildFile section */
		E12F10001ECD35D60047D7FE /* AppDelegate.swift in Sources */ = {isa = PBXBuildFile; fileRef = E12F0FFF1ECD35D60047D7FE /* AppDelegate.swift */; };
		E12F10021ECD35D60047D7FE /* ViewController.swift in Sources */ = {isa = PBXBuildFile; fileRef = E12F10011ECD35D60047D7FE /* ViewController.swift */; };
		E12F10051ECD35D60047D7FE /* Main.storyboard in Resources */ = {isa = PBXBuildFile; fileRef = E12F10031ECD35D60047D7FE /* Main.storyboard */; };
		E12F10071ECD35D60047D7FE /* Assets.xcassets in Resources */ = {isa = PBXBuildFile; fileRef = E12F10061ECD35D60047D7FE /* Assets.xcassets */; };
		E12F100A1ECD35D60047D7FE /* LaunchScreen.storyboard in Resources */ = {isa = PBXBuildFile; fileRef = E12F10081ECD35D60047D7FE /* LaunchScreen.storyboard */; };
		E12F10121ECD37740047D7FE /* CreationViewController.swift in Sources */ = {isa = PBXBuildFile; fileRef = E12F10111ECD37740047D7FE /* CreationViewController.swift */; };
		E12F10141ECD385A0047D7FE /* madlibdelegate.swift in Sources */ = {isa = PBXBuildFile; fileRef = E12F10131ECD385A0047D7FE /* madlibdelegate.swift */; };
/* End PBXBuildFile section */

/* Begin PBXFileReference section */
		E12F0FFC1ECD35D60047D7FE /* madlib2.app */ = {isa = PBXFileReference; explicitFileType = wrapper.application; includeInIndex = 0; path = madlib2.app; sourceTree = BUILT_PRODUCTS_DIR; };
		E12F0FFF1ECD35D60047D7FE /* AppDelegate.swift */ = {isa = PBXFileReference; lastKnownFileType = sourcecode.swift; path = AppDelegate.swift; sourceTree = "<group>"; };
		E12F10011ECD35D60047D7FE /* ViewController.swift */ = {isa = PBXFileReference; lastKnownFileType = sourcecode.swift; path = ViewController.swift; sourceTree = "<group>"; };
		E12F10041ECD35D60047D7FE /* Base */ = {isa = PBXFileReference; lastKnownFileType = file.storyboard; name = Base; path = Base.lproj/Main.storyboard; sourceTree = "<group>"; };
		E12F10061ECD35D60047D7FE /* Assets.xcassets */ = {isa = PBXFileReference; lastKnownFileType = folder.assetcatalog; path = Assets.xcassets; sourceTree = "<group>"; };
		E12F10091ECD35D60047D7FE /* Base */ = {isa = PBXFileReference; lastKnownFileType = file.storyboard; name = Base; path = Base.lproj/LaunchScreen.storyboard; sourceTree = "<group>"; };
		E12F100B1ECD35D60047D7FE /* Info.plist */ = {isa = PBXFileReference; lastKnownFileType = text.plist.xml; path = Info.plist; sourceTree = "<group>"; };
		E12F10111ECD37740047D7FE /* CreationViewController.swift */ = {isa = PBXFileReference; fileEncoding = 4; lastKnownFileType = sourcecode.swift; path = CreationViewController.swift; sourceTree = "<group>"; };
		E12F10131ECD385A0047D7FE /* madlibdelegate.swift */ = {isa = PBXFileReference; fileEncoding = 4; lastKnownFileType = sourcecode.swift; path = madlibdelegate.swift; sourceTree = "<group>"; };
/* End PBXFileReference section */

/* Begin PBXFrameworksBuildPhase section */
		E12F0FF91ECD35D60047D7FE /* Frameworks */ = {
			isa = PBXFrameworksBuildPhase;
			buildActionMask = 2147483647;
			files = (
			);
			runOnlyForDeploymentPostprocessing = 0;
		};
/* End PBXFrameworksBuildPhase section */

/* Begin PBXGroup section */
		E12F0FF31ECD35D60047D7FE = {
			isa = PBXGroup;
			children = (
				E12F0FFE1ECD35D60047D7FE /* madlib2 */,
				E12F0FFD1ECD35D60047D7FE /* Products */,
			);
			sourceTree = "<group>";
		};
		E12F0FFD1ECD35D60047D7FE /* Products */ = {
			isa = PBXGroup;
			children = (
				E12F0FFC1ECD35D60047D7FE /* madlib2.app */,
			);
			name = Products;
			sourceTree = "<group>";
		};
		E12F0FFE1ECD35D60047D7FE /* madlib2 */ = {
			isa = PBXGroup;
			children = (
				E12F0FFF1ECD35D60047D7FE /* AppDelegate.swift */,
				E12F10011ECD35D60047D7FE /* ViewController.swift */,
				E12F10031ECD35D60047D7FE /* Main.storyboard */,
				E12F10131ECD385A0047D7FE /* madlibdelegate.swift */,
				E12F10111ECD37740047D7FE /* CreationViewController.swift */,
				E12F10061ECD35D60047D7FE /* Assets.xcassets */,
				E12F10081ECD35D60047D7FE /* LaunchScreen.storyboard */,
				E12F100B1ECD35D60047D7FE /* Info.plist */,
			);
			path = madlib2;
			sourceTree = "<group>";
		};
/* End PBXGroup section */

/* Begin PBXNativeTarget section */
		E12F0FFB1ECD35D60047D7FE /* madlib2 */ = {
			isa = PBXNativeTarget;
			buildConfigurationList = E12F100E1ECD35D60047D7FE /* Build configuration list for PBXNativeTarget "madlib2" */;
			buildPhases = (
				E12F0FF81ECD35D60047D7FE /* Sources */,
				E12F0FF91ECD35D60047D7FE /* Frameworks */,
				E12F0FFA1ECD35D60047D7FE /* Resources */,
			);
			buildRules = (
			);
			dependencies = (
			);
			name = madlib2;
			productName = madlib2;
			productReference = E12F0FFC1ECD35D60047D7FE /* madlib2.app */;
			productType = "com.apple.product-type.application";
		};
/* End PBXNativeTarget section */

/* Begin PBXProject section */
		E12F0FF41ECD35D60047D7FE /* Project object */ = {
			isa = PBXProject;
			attributes = {
				LastSwiftUpdateCheck = 0830;
				LastUpgradeCheck = 0830;
				ORGANIZATIONNAME = "Tahim Kader";
				TargetAttributes = {
					E12F0FFB1ECD35D60047D7FE = {
						CreatedOnToolsVersion = 8.3.2;
						ProvisioningStyle = Automatic;
					};
				};
			};
			buildConfigurationList = E12F0FF71ECD35D60047D7FE /* Build configuration list for PBXProject "madlib2" */;
			compatibilityVersion = "Xcode 3.2";
			developmentRegion = English;
			hasScannedForEncodings = 0;
			knownRegions = (
				en,
				Base,
			);
			mainGroup = E12F0FF31ECD35D60047D7FE;
			productRefGroup = E12F0FFD1ECD35D60047D7FE /* Products */;
			projectDirPath = "";
			projectRoot = "";
			targets = (
				E12F0FFB1ECD35D60047D7FE /* madlib2 */,
			);
		};
/* End PBXProject section */

/* Begin PBXResourcesBuildPhase section */
		E12F0FFA1ECD35D60047D7FE /* Resources */ = {
			isa = PBXResourcesBuildPhase;
			buildActionMask = 2147483647;
			files = (
				E12F100A1ECD35D60047D7FE /* LaunchScreen.storyboard in Resources */,
				E12F10071ECD35D60047D7FE /* Assets.xcassets in Resources */,
				E12F10051ECD35D60047D7FE /* Main.storyboard in Resources */,
			);
			runOnlyForDeploymentPostprocessing = 0;
		};
/* End PBXResourcesBuildPhase section */

/* Begin PBXSourcesBuildPhase section */
		E12F0FF81ECD35D60047D7FE /* Sources */ = {
			isa = PBXSourcesBuildPhase;
			buildActionMask = 2147483647;
			files = (
				E12F10021ECD35D60047D7FE /* ViewController.swift in Sources */,
				E12F10001ECD35D60047D7FE /* AppDelegate.swift in Sources */,
				E12F10121ECD37740047D7FE /* CreationViewController.swift in Sources */,
				E12F10141ECD385A0047D7FE /* madlibdelegate.swift in Sources */,
			);
			runOnlyForDeploymentPostprocessing = 0;
		};
/* End PBXSourcesBuildPhase section */

/* Begin PBXVariantGroup section */
		E12F10031ECD35D60047D7FE /* Main.storyboard */ = {
			isa = PBXVariantGroup;
			children = (
				E12F10041ECD35D60047D7FE /* Base */,
			);
			name = Main.storyboard;
			sourceTree = "<group>";
		};
		E12F10081ECD35D60047D7FE /* LaunchScreen.storyboard */ = {
			isa = PBXVariantGroup;
			children = (
				E12F10091ECD35D60047D7FE /* Base */,
			);
			name = LaunchScreen.storyboard;
			sourceTree = "<group>";
		};
/* End PBXVariantGroup section */

/* Begin XCBuildConfiguration section */
		E12F100C1ECD35D60047D7FE /* Debug */ = {
			isa = XCBuildConfiguration;
			buildSettings = {
				ALWAYS_SEARCH_USER_PATHS = NO;
				CLANG_ANALYZER_NONNULL = YES;
				CLANG_ANALYZER_NUMBER_OBJECT_CONVERSION = YES_AGGRESSIVE;
				CLANG_CXX_LANGUAGE_STANDARD = "gnu++0x";
				CLANG_CXX_LIBRARY = "libc++";
				CLANG_ENABLE_MODULES = YES;
				CLANG_ENABLE_OBJC_ARC = YES;
				CLANG_WARN_BOOL_CONVERSION = YES;
				CLANG_WARN_CONSTANT_CONVERSION = YES;
				CLANG_WARN_DIRECT_OBJC_ISA_USAGE = YES_ERROR;
				CLANG_WARN_DOCUMENTATION_COMMENTS = YES;
				CLANG_WARN_EMPTY_BODY = YES;
				CLANG_WARN_ENUM_CONVERSION = YES;
				CLANG_WARN_INFINITE_RECURSION = YES;
				CLANG_WARN_INT_CONVERSION = YES;
				CLANG_WARN_OBJC_ROOT_CLASS = YES_ERROR;
				CLANG_WARN_SUSPICIOUS_MOVE = YES;
				CLANG_WARN_UNREACHABLE_CODE = YES;
				CLANG_WARN__DUPLICATE_METHOD_MATCH = YES;
				"CODE_SIGN_IDENTITY[sdk=iphoneos*]" = "iPhone Developer";
				COPY_PHASE_STRIP = NO;
				DEBUG_INFORMATION_FORMAT = dwarf;
				ENABLE_STRICT_OBJC_MSGSEND = YES;
				ENABLE_TESTABILITY = YES;
				GCC_C_LANGUAGE_STANDARD = gnu99;
				GCC_DYNAMIC_NO_PIC = NO;
				GCC_NO_COMMON_BLOCKS = YES;
				GCC_OPTIMIZATION_LEVEL = 0;
				GCC_PREPROCESSOR_DEFINITIONS = (
					"DEBUG=1",
					"$(inherited)",
				);
				GCC_WARN_64_TO_32_BIT_CONVERSION = YES;
				GCC_WARN_ABOUT_RETURN_TYPE = YES_ERROR;
				GCC_WARN_UNDECLARED_SELECTOR = YES;
				GCC_WARN_UNINITIALIZED_AUTOS = YES_AGGRESSIVE;
				GCC_WARN_UNUSED_FUNCTION = YES;
				GCC_WARN_UNUSED_VARIABLE = YES;
				IPHONEOS_DEPLOYMENT_TARGET = 10.3;
				MTL_ENABLE_DEBUG_INFO = YES;
				ONLY_ACTIVE_ARCH = YES;
				SDKROOT = iphoneos;
				SWIFT_ACTIVE_COMPILATION_CONDITIONS = DEBUG;
				SWIFT_OPTIMIZATION_LEVEL = "-Onone";
				TARGETED_DEVICE_FAMILY = "1,2";
			};
			name = Debug;
		};
		E12F100D1ECD35D60047D7FE /* Release */ = {
			isa = XCBuildConfiguration;
			buildSettings = {
				ALWAYS_SEARCH_USER_PATHS = NO;
				CLANG_ANALYZER_NONNULL = YES;
				CLANG_ANALYZER_NUMBER_OBJECT_CONVERSION = YES_AGGRESSIVE;
				CLANG_CXX_LANGUAGE_STANDARD = "gnu++0x";
				CLANG_CXX_LIBRARY = "libc++";
				CLANG_ENABLE_MODULES = YES;
				CLANG_ENABLE_OBJC_ARC = YES;
				CLANG_WARN_BOOL_CONVERSION = YES;
				CLANG_WARN_CONSTANT_CONVERSION = YES;
				CLANG_WARN_DIRECT_OBJC_ISA_USAGE = YES_ERROR;
				CLANG_WARN_DOCUMENTATION_COMMENTS = YES;
				CLANG_WARN_EMPTY_BODY = YES;
				CLANG_WARN_ENUM_CONVERSION = YES;
				CLANG_WARN_INFINITE_RECURSION = YES;
				CLANG_WARN_INT_CONVERSION = YES;
				CLANG_WARN_OBJC_ROOT_CLASS = YES_ERROR;
				CLANG_WARN_SUSPICIOUS_MOVE = YES;
				CLANG_WARN_UNREACHABLE_CODE = YES;
				CLANG_WARN__DUPLICATE_METHOD_MATCH = YES;
				"CODE_SIGN_IDENTITY[sdk=iphoneos*]" = "iPhone Developer";
				COPY_PHASE_STRIP = NO;
				DEBUG_INFORMATION_FORMAT = "dwarf-with-dsym";
				ENABLE_NS_ASSERTIONS = NO;
				ENABLE_STRICT_OBJC_MSGSEND = YES;
				GCC_C_LANGUAGE_STANDARD = gnu99;
				GCC_NO_COMMON_BLOCKS = YES;
				GCC_WARN_64_TO_32_BIT_CONVERSION = YES;
				GCC_WARN_ABOUT_RETURN_TYPE = YES_ERROR;
				GCC_WARN_UNDECLARED_SELECTOR = YES;
				GCC_WARN_UNINITIALIZED_AUTOS = YES_AGGRESSIVE;
				GCC_WARN_UNUSED_FUNCTION = YES;
				GCC_WARN_UNUSED_VARIABLE = YES;
				IPHONEOS_DEPLOYMENT_TARGET = 10.3;
				MTL_ENABLE_DEBUG_INFO = NO;
				SDKROOT = iphoneos;
				SWIFT_OPTIMIZATION_LEVEL = "-Owholemodule";
				TARGETED_DEVICE_FAMILY = "1,2";
				VALIDATE_PRODUCT = YES;
			};
			name = Release;
		};
		E12F100F1ECD35D60047D7FE /* Debug */ = {
			isa = XCBuildConfiguration;
			buildSettings = {
				ASSETCATALOG_COMPILER_APPICON_NAME = AppIcon;
				INFOPLIST_FILE = madlib2/Info.plist;
				LD_RUNPATH_SEARCH_PATHS = "$(inherited) @executable_path/Frameworks";
				PRODUCT_BUNDLE_IDENTIFIER = com.codingdojo.madlib2;
				PRODUCT_NAME = "$(TARGET_NAME)";
				SWIFT_VERSION = 3.0;
			};
			name = Debug;
		};
		E12F10101ECD35D60047D7FE /* Release */ = {
			isa = XCBuildConfiguration;
			buildSettings = {
				ASSETCATALOG_COMPILER_APPICON_NAME = AppIcon;
				INFOPLIST_FILE = madlib2/Info.plist;
				LD_RUNPATH_SEARCH_PATHS = "$(inherited) @executable_path/Frameworks";
				PRODUCT_BUNDLE_IDENTIFIER = com.codingdojo.madlib2;
				PRODUCT_NAME = "$(TARGET_NAME)";
				SWIFT_VERSION = 3.0;
			};
			name = Release;
		};
/* End XCBuildConfiguration section */

/* Begin XCConfigurationList section */
		E12F0FF71ECD35D60047D7FE /* Build configuration list for PBXProject "madlib2" */ = {
			isa = XCConfigurationList;
			buildConfigurations = (
				E12F100C1ECD35D60047D7FE /* Debug */,
				E12F100D1ECD35D60047D7FE /* Release */,
			);
			defaultConfigurationIsVisible = 0;
			defaultConfigurationName = Release;
		};
		E12F100E1ECD35D60047D7FE /* Build configuration list for PBXNativeTarget "madlib2" */ = {
			isa = XCConfigurationList;
			buildConfigurations = (
				E12F100F1ECD35D60047D7FE /* Debug */,
				E12F10101ECD35D60047D7FE /* Release */,
			);
			defaultConfigurationIsVisible = 0;
		};
/* End XCConfigurationList section */
	};
	rootObject = E12F0FF41ECD35D60047D7FE /* Project object */;
}
